// !$*UTF8*$!
{
	archiveVersion = 1;
	classes = {
	};
	objectVersion = 50;
	objects = {

/* Begin PBXBuildFile section */
		00014760A6645BBF1EFD2101 /* Pods_FIneDust.framework in Frameworks */ = {isa = PBXBuildFile; fileRef = A45492C538DDEE39A742F3F4 /* Pods_FIneDust.framework */; };
		1DA1E728229F6DD000FE1752 /* AppDelegate.swift in Sources */ = {isa = PBXBuildFile; fileRef = 1DA1E727229F6DD000FE1752 /* AppDelegate.swift */; };
		1DA1E72A229F6DD000FE1752 /* MainVC.swift in Sources */ = {isa = PBXBuildFile; fileRef = 1DA1E729229F6DD000FE1752 /* MainVC.swift */; };
		1DA1E72D229F6DD000FE1752 /* Main.storyboard in Resources */ = {isa = PBXBuildFile; fileRef = 1DA1E72B229F6DD000FE1752 /* Main.storyboard */; };
		1DA1E730229F6DD000FE1752 /* FIneDust.xcdatamodeld in Sources */ = {isa = PBXBuildFile; fileRef = 1DA1E72E229F6DD000FE1752 /* FIneDust.xcdatamodeld */; };
		1DA1E735229F6DD200FE1752 /* LaunchScreen.storyboard in Resources */ = {isa = PBXBuildFile; fileRef = 1DA1E733229F6DD200FE1752 /* LaunchScreen.storyboard */; };
		1DA1E742229F6E7700FE1752 /* AirVO.swift in Sources */ = {isa = PBXBuildFile; fileRef = 1DA1E741229F6E7700FE1752 /* AirVO.swift */; };
		1DA1E744229F6E8E00FE1752 /* AirData.swift in Sources */ = {isa = PBXBuildFile; fileRef = 1DA1E743229F6E8E00FE1752 /* AirData.swift */; };
		1DA1E746229F6EA800FE1752 /* LocationVO.swift in Sources */ = {isa = PBXBuildFile; fileRef = 1DA1E745229F6EA800FE1752 /* LocationVO.swift */; };
		1DA1E748229F6ED500FE1752 /* LocationData.swift in Sources */ = {isa = PBXBuildFile; fileRef = 1DA1E747229F6ED500FE1752 /* LocationData.swift */; };
		1DA1E74A229F6F0500FE1752 /* AirPollutionCell.swift in Sources */ = {isa = PBXBuildFile; fileRef = 1DA1E749229F6F0500FE1752 /* AirPollutionCell.swift */; };
		1DA1E74C229F6F5600FE1752 /* CurrentStationNameVC.swift in Sources */ = {isa = PBXBuildFile; fileRef = 1DA1E74B229F6F5600FE1752 /* CurrentStationNameVC.swift */; };
		1DA1E752229F6FCF00FE1752 /* transition.swift in Sources */ = {isa = PBXBuildFile; fileRef = 1DA1E751229F6FCF00FE1752 /* transition.swift */; };
		1DA1E754229FB8A200FE1752 /* Assets.xcassets in Resources */ = {isa = PBXBuildFile; fileRef = 1DA1E753229FB8A200FE1752 /* Assets.xcassets */; };
		1DA1E76022A75FFA00FE1752 /* SearchLocationVC.swift in Sources */ = {isa = PBXBuildFile; fileRef = 1DA1E75F22A75FFA00FE1752 /* SearchLocationVC.swift */; };
		1DA1E78922AA390C00FE1752 /* map_pinup_custom@3x.png in Resources */ = {isa = PBXBuildFile; fileRef = 1DA1E76322AA390C00FE1752 /* map_pinup_custom@3x.png */; };
		1DA1E78A22AA390C00FE1752 /* map_pin_custom.png in Resources */ = {isa = PBXBuildFile; fileRef = 1DA1E76422AA390C00FE1752 /* map_pin_custom.png */; };
		1DA1E78B22AA390C00FE1752 /* shadow_balloon.png in Resources */ = {isa = PBXBuildFile; fileRef = 1DA1E76522AA390C00FE1752 /* shadow_balloon.png */; };
		1DA1E78C22AA390C00FE1752 /* map_pinup.png in Resources */ = {isa = PBXBuildFile; fileRef = 1DA1E76622AA390C00FE1752 /* map_pinup.png */; };
		1DA1E78D22AA390C00FE1752 /* detail_button.png in Resources */ = {isa = PBXBuildFile; fileRef = 1DA1E76722AA390C00FE1752 /* detail_button.png */; };
		1DA1E78E22AA390C00FE1752 /* map_pin_custom@3x.png in Resources */ = {isa = PBXBuildFile; fileRef = 1DA1E76822AA390C00FE1752 /* map_pin_custom@3x.png */; };
		1DA1E78F22AA390C00FE1752 /* map_pinup@3x.png in Resources */ = {isa = PBXBuildFile; fileRef = 1DA1E76922AA390C00FE1752 /* map_pinup@3x.png */; };
		1DA1E79022AA390C00FE1752 /* map_pin_shadow@3x.png in Resources */ = {isa = PBXBuildFile; fileRef = 1DA1E76A22AA390C00FE1752 /* map_pin_shadow@3x.png */; };
		1DA1E79122AA390C00FE1752 /* copyright.png in Resources */ = {isa = PBXBuildFile; fileRef = 1DA1E76B22AA390C00FE1752 /* copyright.png */; };
		1DA1E79222AA390C00FE1752 /* th_line.png in Resources */ = {isa = PBXBuildFile; fileRef = 1DA1E76C22AA390C00FE1752 /* th_line.png */; };
		1DA1E79322AA390C00FE1752 /* map_pin_red@3x.png in Resources */ = {isa = PBXBuildFile; fileRef = 1DA1E76D22AA390C00FE1752 /* map_pin_red@3x.png */; };
		1DA1E79522AA390C00FE1752 /* daum_copyright.png in Resources */ = {isa = PBXBuildFile; fileRef = 1DA1E76F22AA390C00FE1752 /* daum_copyright.png */; };
		1DA1E79622AA390C00FE1752 /* map_pin@3x.png in Resources */ = {isa = PBXBuildFile; fileRef = 1DA1E77022AA390C00FE1752 /* map_pin@3x.png */; };
		1DA1E79722AA390C00FE1752 /* map_present_tracking.png in Resources */ = {isa = PBXBuildFile; fileRef = 1DA1E77122AA390C00FE1752 /* map_present_tracking.png */; };
		1DA1E79822AA390C00FE1752 /* map_pin_red.png in Resources */ = {isa = PBXBuildFile; fileRef = 1DA1E77222AA390C00FE1752 /* map_pin_red.png */; };
		1DA1E79922AA390C00FE1752 /* info_box.png in Resources */ = {isa = PBXBuildFile; fileRef = 1DA1E77C22AA390C00FE1752 /* info_box.png */; };
		1DA1E79A22AA390C00FE1752 /* point_sprite.png in Resources */ = {isa = PBXBuildFile; fileRef = 1DA1E77D22AA390C00FE1752 /* point_sprite.png */; };
		1DA1E79B22AA390C00FE1752 /* map_pinup_custom.png in Resources */ = {isa = PBXBuildFile; fileRef = 1DA1E77E22AA390C00FE1752 /* map_pinup_custom.png */; };
		1DA1E79C22AA390C00FE1752 /* info_box_tail.png in Resources */ = {isa = PBXBuildFile; fileRef = 1DA1E77F22AA390C00FE1752 /* info_box_tail.png */; };
		1DA1E79D22AA390C00FE1752 /* noimage256.png in Resources */ = {isa = PBXBuildFile; fileRef = 1DA1E78022AA390C00FE1752 /* noimage256.png */; };
		1DA1E79E22AA390C00FE1752 /* map_present_direction.png in Resources */ = {isa = PBXBuildFile; fileRef = 1DA1E78122AA390C00FE1752 /* map_present_direction.png */; };
		1DA1E79F22AA390C00FE1752 /* map_pin.png in Resources */ = {isa = PBXBuildFile; fileRef = 1DA1E78222AA390C00FE1752 /* map_pin.png */; };
		1DA1E7A022AA390C00FE1752 /* map_present.png in Resources */ = {isa = PBXBuildFile; fileRef = 1DA1E78322AA390C00FE1752 /* map_present.png */; };
		1DA1E7A122AA390C00FE1752 /* noimage.png in Resources */ = {isa = PBXBuildFile; fileRef = 1DA1E78422AA390C00FE1752 /* noimage.png */; };
		1DA1E7A222AA390C00FE1752 /* map_present_background_update.png in Resources */ = {isa = PBXBuildFile; fileRef = 1DA1E78522AA390C00FE1752 /* map_present_background_update.png */; };
		1DA1E7A322AA390C00FE1752 /* daum_th_line.png in Resources */ = {isa = PBXBuildFile; fileRef = 1DA1E78622AA390C00FE1752 /* daum_th_line.png */; };
		1DA1E7A422AA390C00FE1752 /* map_pin_shadow.png in Resources */ = {isa = PBXBuildFile; fileRef = 1DA1E78722AA390C00FE1752 /* map_pin_shadow.png */; };
		1DA1E7A522AA390C00FE1752 /* DaumMap.framework in Frameworks */ = {isa = PBXBuildFile; fileRef = 1DA1E78822AA390C00FE1752 /* DaumMap.framework */; };
		1DA1E7A722AA392200FE1752 /* OpenGLES.framework in Frameworks */ = {isa = PBXBuildFile; fileRef = 1DA1E7A622AA392200FE1752 /* OpenGLES.framework */; };
		1DA1E7A922AA393700FE1752 /* SystemConfiguration.framework in Frameworks */ = {isa = PBXBuildFile; fileRef = 1DA1E7A822AA393700FE1752 /* SystemConfiguration.framework */; };
		1DA1E7AB22AA394300FE1752 /* CoreLocation.framework in Frameworks */ = {isa = PBXBuildFile; fileRef = 1DA1E7AA22AA394300FE1752 /* CoreLocation.framework */; };
		1DA1E7AD22AA395000FE1752 /* QuartzCore.framework in Frameworks */ = {isa = PBXBuildFile; fileRef = 1DA1E7AC22AA395000FE1752 /* QuartzCore.framework */; };
		1DA1E7AF22AA396000FE1752 /* libc++.tbd in Frameworks */ = {isa = PBXBuildFile; fileRef = 1DA1E7AE22AA396000FE1752 /* libc++.tbd */; };
		1DA1E7B122AA396D00FE1752 /* libxml2.tbd in Frameworks */ = {isa = PBXBuildFile; fileRef = 1DA1E7B022AA396D00FE1752 /* libxml2.tbd */; };
		1DA1E7B322AA397D00FE1752 /* libsqlite3.tbd in Frameworks */ = {isa = PBXBuildFile; fileRef = 1DA1E7B222AA397D00FE1752 /* libsqlite3.tbd */; };
		89A9EC7E22A2425A0014BDB8 /* Designables.swift in Sources */ = {isa = PBXBuildFile; fileRef = 89A9EC7D22A2425A0014BDB8 /* Designables.swift */; };
		89A9EC8022A2454E0014BDB8 /* Enum.swift in Sources */ = {isa = PBXBuildFile; fileRef = 89A9EC7F22A2454E0014BDB8 /* Enum.swift */; };
/* End PBXBuildFile section */

/* Begin PBXFileReference section */
		1DA1E724229F6DD000FE1752 /* FIneDust.app */ = {isa = PBXFileReference; explicitFileType = wrapper.application; includeInIndex = 0; path = FIneDust.app; sourceTree = BUILT_PRODUCTS_DIR; };
		1DA1E727229F6DD000FE1752 /* AppDelegate.swift */ = {isa = PBXFileReference; lastKnownFileType = sourcecode.swift; path = AppDelegate.swift; sourceTree = "<group>"; };
		1DA1E729229F6DD000FE1752 /* MainVC.swift */ = {isa = PBXFileReference; lastKnownFileType = sourcecode.swift; path = MainVC.swift; sourceTree = "<group>"; };
		1DA1E72C229F6DD000FE1752 /* Base */ = {isa = PBXFileReference; lastKnownFileType = file.storyboard; name = Base; path = Base.lproj/Main.storyboard; sourceTree = "<group>"; };
		1DA1E72F229F6DD000FE1752 /* FIneDust.xcdatamodel */ = {isa = PBXFileReference; lastKnownFileType = wrapper.xcdatamodel; path = FIneDust.xcdatamodel; sourceTree = "<group>"; };
		1DA1E734229F6DD200FE1752 /* Base */ = {isa = PBXFileReference; lastKnownFileType = file.storyboard; name = Base; path = Base.lproj/LaunchScreen.storyboard; sourceTree = "<group>"; };
		1DA1E736229F6DD200FE1752 /* Info.plist */ = {isa = PBXFileReference; lastKnownFileType = text.plist.xml; path = Info.plist; sourceTree = "<group>"; };
		1DA1E741229F6E7700FE1752 /* AirVO.swift */ = {isa = PBXFileReference; lastKnownFileType = sourcecode.swift; path = AirVO.swift; sourceTree = "<group>"; };
		1DA1E743229F6E8E00FE1752 /* AirData.swift */ = {isa = PBXFileReference; lastKnownFileType = sourcecode.swift; path = AirData.swift; sourceTree = "<group>"; };
		1DA1E745229F6EA800FE1752 /* LocationVO.swift */ = {isa = PBXFileReference; lastKnownFileType = sourcecode.swift; path = LocationVO.swift; sourceTree = "<group>"; };
		1DA1E747229F6ED500FE1752 /* LocationData.swift */ = {isa = PBXFileReference; lastKnownFileType = sourcecode.swift; path = LocationData.swift; sourceTree = "<group>"; };
		1DA1E749229F6F0500FE1752 /* AirPollutionCell.swift */ = {isa = PBXFileReference; lastKnownFileType = sourcecode.swift; path = AirPollutionCell.swift; sourceTree = "<group>"; };
		1DA1E74B229F6F5600FE1752 /* CurrentStationNameVC.swift */ = {isa = PBXFileReference; lastKnownFileType = sourcecode.swift; path = CurrentStationNameVC.swift; sourceTree = "<group>"; };
		1DA1E751229F6FCF00FE1752 /* transition.swift */ = {isa = PBXFileReference; lastKnownFileType = sourcecode.swift; path = transition.swift; sourceTree = "<group>"; };
		1DA1E753229FB8A200FE1752 /* Assets.xcassets */ = {isa = PBXFileReference; lastKnownFileType = folder.assetcatalog; path = Assets.xcassets; sourceTree = "<group>"; };
		1DA1E75F22A75FFA00FE1752 /* SearchLocationVC.swift */ = {isa = PBXFileReference; lastKnownFileType = sourcecode.swift; path = SearchLocationVC.swift; sourceTree = "<group>"; };
		1DA1E76322AA390C00FE1752 /* map_pinup_custom@3x.png */ = {isa = PBXFileReference; lastKnownFileType = image.png; path = "map_pinup_custom@3x.png"; sourceTree = "<group>"; };
		1DA1E76422AA390C00FE1752 /* map_pin_custom.png */ = {isa = PBXFileReference; lastKnownFileType = image.png; path = map_pin_custom.png; sourceTree = "<group>"; };
		1DA1E76522AA390C00FE1752 /* shadow_balloon.png */ = {isa = PBXFileReference; lastKnownFileType = image.png; path = shadow_balloon.png; sourceTree = "<group>"; };
		1DA1E76622AA390C00FE1752 /* map_pinup.png */ = {isa = PBXFileReference; lastKnownFileType = image.png; path = map_pinup.png; sourceTree = "<group>"; };
		1DA1E76722AA390C00FE1752 /* detail_button.png */ = {isa = PBXFileReference; lastKnownFileType = image.png; path = detail_button.png; sourceTree = "<group>"; };
		1DA1E76822AA390C00FE1752 /* map_pin_custom@3x.png */ = {isa = PBXFileReference; lastKnownFileType = image.png; path = "map_pin_custom@3x.png"; sourceTree = "<group>"; };
		1DA1E76922AA390C00FE1752 /* map_pinup@3x.png */ = {isa = PBXFileReference; lastKnownFileType = image.png; path = "map_pinup@3x.png"; sourceTree = "<group>"; };
		1DA1E76A22AA390C00FE1752 /* map_pin_shadow@3x.png */ = {isa = PBXFileReference; lastKnownFileType = image.png; path = "map_pin_shadow@3x.png"; sourceTree = "<group>"; };
		1DA1E76B22AA390C00FE1752 /* copyright.png */ = {isa = PBXFileReference; lastKnownFileType = image.png; path = copyright.png; sourceTree = "<group>"; };
		1DA1E76C22AA390C00FE1752 /* th_line.png */ = {isa = PBXFileReference; lastKnownFileType = image.png; path = th_line.png; sourceTree = "<group>"; };
		1DA1E76D22AA390C00FE1752 /* map_pin_red@3x.png */ = {isa = PBXFileReference; lastKnownFileType = image.png; path = "map_pin_red@3x.png"; sourceTree = "<group>"; };
		1DA1E76E22AA390C00FE1752 /* DaumMap */ = {isa = PBXFileReference; lastKnownFileType = archive.ar; path = DaumMap; sourceTree = "<group>"; };
		1DA1E76F22AA390C00FE1752 /* daum_copyright.png */ = {isa = PBXFileReference; lastKnownFileType = image.png; path = daum_copyright.png; sourceTree = "<group>"; };
		1DA1E77022AA390C00FE1752 /* map_pin@3x.png */ = {isa = PBXFileReference; lastKnownFileType = image.png; path = "map_pin@3x.png"; sourceTree = "<group>"; };
		1DA1E77122AA390C00FE1752 /* map_present_tracking.png */ = {isa = PBXFileReference; lastKnownFileType = image.png; path = map_present_tracking.png; sourceTree = "<group>"; };
		1DA1E77222AA390C00FE1752 /* map_pin_red.png */ = {isa = PBXFileReference; lastKnownFileType = image.png; path = map_pin_red.png; sourceTree = "<group>"; };
		1DA1E77422AA390C00FE1752 /* MTMapPOIItem.h */ = {isa = PBXFileReference; fileEncoding = 4; lastKnownFileType = sourcecode.c.h; path = MTMapPOIItem.h; sourceTree = "<group>"; };
		1DA1E77522AA390C00FE1752 /* MTMapCameraUpdate.h */ = {isa = PBXFileReference; fileEncoding = 4; lastKnownFileType = sourcecode.c.h; path = MTMapCameraUpdate.h; sourceTree = "<group>"; };
		1DA1E77622AA390C00FE1752 /* MTMapReverseGeoCoder.h */ = {isa = PBXFileReference; fileEncoding = 4; lastKnownFileType = sourcecode.c.h; path = MTMapReverseGeoCoder.h; sourceTree = "<group>"; };
		1DA1E77722AA390C00FE1752 /* MTMapPolyline.h */ = {isa = PBXFileReference; fileEncoding = 4; lastKnownFileType = sourcecode.c.h; path = MTMapPolyline.h; sourceTree = "<group>"; };
		1DA1E77822AA390C00FE1752 /* MTMapLocationMarkerItem.h */ = {isa = PBXFileReference; fileEncoding = 4; lastKnownFileType = sourcecode.c.h; path = MTMapLocationMarkerItem.h; sourceTree = "<group>"; };
		1DA1E77922AA390C00FE1752 /* MTMapView.h */ = {isa = PBXFileReference; fileEncoding = 4; lastKnownFileType = sourcecode.c.h; path = MTMapView.h; sourceTree = "<group>"; };
		1DA1E77A22AA390C00FE1752 /* MTMapGeometry.h */ = {isa = PBXFileReference; fileEncoding = 4; lastKnownFileType = sourcecode.c.h; path = MTMapGeometry.h; sourceTree = "<group>"; };
		1DA1E77B22AA390C00FE1752 /* MTMapCircle.h */ = {isa = PBXFileReference; fileEncoding = 4; lastKnownFileType = sourcecode.c.h; path = MTMapCircle.h; sourceTree = "<group>"; };
		1DA1E77C22AA390C00FE1752 /* info_box.png */ = {isa = PBXFileReference; lastKnownFileType = image.png; path = info_box.png; sourceTree = "<group>"; };
		1DA1E77D22AA390C00FE1752 /* point_sprite.png */ = {isa = PBXFileReference; lastKnownFileType = image.png; path = point_sprite.png; sourceTree = "<group>"; };
		1DA1E77E22AA390C00FE1752 /* map_pinup_custom.png */ = {isa = PBXFileReference; lastKnownFileType = image.png; path = map_pinup_custom.png; sourceTree = "<group>"; };
		1DA1E77F22AA390C00FE1752 /* info_box_tail.png */ = {isa = PBXFileReference; lastKnownFileType = image.png; path = info_box_tail.png; sourceTree = "<group>"; };
		1DA1E78022AA390C00FE1752 /* noimage256.png */ = {isa = PBXFileReference; lastKnownFileType = image.png; path = noimage256.png; sourceTree = "<group>"; };
		1DA1E78122AA390C00FE1752 /* map_present_direction.png */ = {isa = PBXFileReference; lastKnownFileType = image.png; path = map_present_direction.png; sourceTree = "<group>"; };
		1DA1E78222AA390C00FE1752 /* map_pin.png */ = {isa = PBXFileReference; lastKnownFileType = image.png; path = map_pin.png; sourceTree = "<group>"; };
		1DA1E78322AA390C00FE1752 /* map_present.png */ = {isa = PBXFileReference; lastKnownFileType = image.png; path = map_present.png; sourceTree = "<group>"; };
		1DA1E78422AA390C00FE1752 /* noimage.png */ = {isa = PBXFileReference; lastKnownFileType = image.png; path = noimage.png; sourceTree = "<group>"; };
		1DA1E78522AA390C00FE1752 /* map_present_background_update.png */ = {isa = PBXFileReference; lastKnownFileType = image.png; path = map_present_background_update.png; sourceTree = "<group>"; };
		1DA1E78622AA390C00FE1752 /* daum_th_line.png */ = {isa = PBXFileReference; lastKnownFileType = image.png; path = daum_th_line.png; sourceTree = "<group>"; };
		1DA1E78722AA390C00FE1752 /* map_pin_shadow.png */ = {isa = PBXFileReference; lastKnownFileType = image.png; path = map_pin_shadow.png; sourceTree = "<group>"; };
		1DA1E78822AA390C00FE1752 /* DaumMap.framework */ = {isa = PBXFileReference; lastKnownFileType = wrapper.framework; path = DaumMap.framework; sourceTree = "<group>"; };
		1DA1E7A622AA392200FE1752 /* OpenGLES.framework */ = {isa = PBXFileReference; lastKnownFileType = wrapper.framework; name = OpenGLES.framework; path = System/Library/Frameworks/OpenGLES.framework; sourceTree = SDKROOT; };
		1DA1E7A822AA393700FE1752 /* SystemConfiguration.framework */ = {isa = PBXFileReference; lastKnownFileType = wrapper.framework; name = SystemConfiguration.framework; path = System/Library/Frameworks/SystemConfiguration.framework; sourceTree = SDKROOT; };
		1DA1E7AA22AA394300FE1752 /* CoreLocation.framework */ = {isa = PBXFileReference; lastKnownFileType = wrapper.framework; name = CoreLocation.framework; path = System/Library/Frameworks/CoreLocation.framework; sourceTree = SDKROOT; };
		1DA1E7AC22AA395000FE1752 /* QuartzCore.framework */ = {isa = PBXFileReference; lastKnownFileType = wrapper.framework; name = QuartzCore.framework; path = System/Library/Frameworks/QuartzCore.framework; sourceTree = SDKROOT; };
		1DA1E7AE22AA396000FE1752 /* libc++.tbd */ = {isa = PBXFileReference; lastKnownFileType = "sourcecode.text-based-dylib-definition"; name = "libc++.tbd"; path = "usr/lib/libc++.tbd"; sourceTree = SDKROOT; };
		1DA1E7B022AA396D00FE1752 /* libxml2.tbd */ = {isa = PBXFileReference; lastKnownFileType = "sourcecode.text-based-dylib-definition"; name = libxml2.tbd; path = usr/lib/libxml2.tbd; sourceTree = SDKROOT; };
		1DA1E7B222AA397D00FE1752 /* libsqlite3.tbd */ = {isa = PBXFileReference; lastKnownFileType = "sourcecode.text-based-dylib-definition"; name = libsqlite3.tbd; path = usr/lib/libsqlite3.tbd; sourceTree = SDKROOT; };
		89A9EC7D22A2425A0014BDB8 /* Designables.swift */ = {isa = PBXFileReference; lastKnownFileType = sourcecode.swift; path = Designables.swift; sourceTree = "<group>"; };
		89A9EC7F22A2454E0014BDB8 /* Enum.swift */ = {isa = PBXFileReference; lastKnownFileType = sourcecode.swift; path = Enum.swift; sourceTree = "<group>"; };
		A45492C538DDEE39A742F3F4 /* Pods_FIneDust.framework */ = {isa = PBXFileReference; explicitFileType = wrapper.framework; includeInIndex = 0; path = Pods_FIneDust.framework; sourceTree = BUILT_PRODUCTS_DIR; };
		B8AF13C6F3BD835846930428 /* Pods-FIneDust.release.xcconfig */ = {isa = PBXFileReference; includeInIndex = 1; lastKnownFileType = text.xcconfig; name = "Pods-FIneDust.release.xcconfig"; path = "Target Support Files/Pods-FIneDust/Pods-FIneDust.release.xcconfig"; sourceTree = "<group>"; };
		BC039D168F7796FE2A963F5C /* Pods-FIneDust.debug.xcconfig */ = {isa = PBXFileReference; includeInIndex = 1; lastKnownFileType = text.xcconfig; name = "Pods-FIneDust.debug.xcconfig"; path = "Target Support Files/Pods-FIneDust/Pods-FIneDust.debug.xcconfig"; sourceTree = "<group>"; };
/* End PBXFileReference section */

/* Begin PBXFrameworksBuildPhase section */
		1DA1E721229F6DD000FE1752 /* Frameworks */ = {
			isa = PBXFrameworksBuildPhase;
			buildActionMask = 2147483647;
			files = (
				1DA1E7B322AA397D00FE1752 /* libsqlite3.tbd in Frameworks */,
				1DA1E7B122AA396D00FE1752 /* libxml2.tbd in Frameworks */,
				1DA1E7AF22AA396000FE1752 /* libc++.tbd in Frameworks */,
				1DA1E7AD22AA395000FE1752 /* QuartzCore.framework in Frameworks */,
				1DA1E7AB22AA394300FE1752 /* CoreLocation.framework in Frameworks */,
				1DA1E7A922AA393700FE1752 /* SystemConfiguration.framework in Frameworks */,
				1DA1E7A722AA392200FE1752 /* OpenGLES.framework in Frameworks */,
				1DA1E7A522AA390C00FE1752 /* DaumMap.framework in Frameworks */,
				00014760A6645BBF1EFD2101 /* Pods_FIneDust.framework in Frameworks */,
			);
			runOnlyForDeploymentPostprocessing = 0;
		};
/* End PBXFrameworksBuildPhase section */

/* Begin PBXGroup section */
		1DA1E71B229F6DD000FE1752 = {
			isa = PBXGroup;
			children = (
				1DA1E726229F6DD000FE1752 /* FIneDust */,
				1DA1E725229F6DD000FE1752 /* Products */,
				880A6F3F2F5ACE153DB030B5 /* Pods */,
				6EB61FD29B3C3E38BE60A319 /* Frameworks */,
			);
			sourceTree = "<group>";
		};
		1DA1E725229F6DD000FE1752 /* Products */ = {
			isa = PBXGroup;
			children = (
				1DA1E724229F6DD000FE1752 /* FIneDust.app */,
			);
			name = Products;
			sourceTree = "<group>";
		};
		1DA1E726229F6DD000FE1752 /* FIneDust */ = {
			isa = PBXGroup;
			children = (
				1DA1E76122AA390C00FE1752 /* DaumMap.embeddedframework */,
				1DA1E736229F6DD200FE1752 /* Info.plist */,
				1DA1E72E229F6DD000FE1752 /* FIneDust.xcdatamodeld */,
				1DA1E72B229F6DD000FE1752 /* Main.storyboard */,
				1DA1E733229F6DD200FE1752 /* LaunchScreen.storyboard */,
				1DA1E753229FB8A200FE1752 /* Assets.xcassets */,
				1DA1E73F229F6E2400FE1752 /* AppDelegate */,
				1DA1E73C229F6DFA00FE1752 /* Models */,
				1DA1E73D229F6E0600FE1752 /* Views */,
				1DA1E740229F6E3800FE1752 /* ViewControllers */,
			);
			path = FIneDust;
			sourceTree = "<group>";
		};
		1DA1E73C229F6DFA00FE1752 /* Models */ = {
			isa = PBXGroup;
			children = (
				1DA1E741229F6E7700FE1752 /* AirVO.swift */,
				1DA1E743229F6E8E00FE1752 /* AirData.swift */,
				1DA1E745229F6EA800FE1752 /* LocationVO.swift */,
				1DA1E747229F6ED500FE1752 /* LocationData.swift */,
			);
			path = Models;
			sourceTree = "<group>";
		};
		1DA1E73D229F6E0600FE1752 /* Views */ = {
			isa = PBXGroup;
			children = (
				1DA1E749229F6F0500FE1752 /* AirPollutionCell.swift */,
			);
			path = Views;
			sourceTree = "<group>";
		};
		1DA1E73F229F6E2400FE1752 /* AppDelegate */ = {
			isa = PBXGroup;
			children = (
				1DA1E727229F6DD000FE1752 /* AppDelegate.swift */,
				1DA1E751229F6FCF00FE1752 /* transition.swift */,
				89A9EC7D22A2425A0014BDB8 /* Designables.swift */,
				89A9EC7F22A2454E0014BDB8 /* Enum.swift */,
			);
			path = AppDelegate;
			sourceTree = "<group>";
		};
		1DA1E740229F6E3800FE1752 /* ViewControllers */ = {
			isa = PBXGroup;
			children = (
				1DA1E729229F6DD000FE1752 /* MainVC.swift */,
				1DA1E74B229F6F5600FE1752 /* CurrentStationNameVC.swift */,
				1DA1E75F22A75FFA00FE1752 /* SearchLocationVC.swift */,
			);
			path = ViewControllers;
			sourceTree = "<group>";
		};
		1DA1E76122AA390C00FE1752 /* DaumMap.embeddedframework */ = {
			isa = PBXGroup;
			children = (
				1DA1E76222AA390C00FE1752 /* Resources */,
				1DA1E78822AA390C00FE1752 /* DaumMap.framework */,
			);
			path = DaumMap.embeddedframework;
			sourceTree = "<group>";
		};
		1DA1E76222AA390C00FE1752 /* Resources */ = {
			isa = PBXGroup;
			children = (
				1DA1E76322AA390C00FE1752 /* map_pinup_custom@3x.png */,
				1DA1E76422AA390C00FE1752 /* map_pin_custom.png */,
				1DA1E76522AA390C00FE1752 /* shadow_balloon.png */,
				1DA1E76622AA390C00FE1752 /* map_pinup.png */,
				1DA1E76722AA390C00FE1752 /* detail_button.png */,
				1DA1E76822AA390C00FE1752 /* map_pin_custom@3x.png */,
				1DA1E76922AA390C00FE1752 /* map_pinup@3x.png */,
				1DA1E76A22AA390C00FE1752 /* map_pin_shadow@3x.png */,
				1DA1E76B22AA390C00FE1752 /* copyright.png */,
				1DA1E76C22AA390C00FE1752 /* th_line.png */,
				1DA1E76D22AA390C00FE1752 /* map_pin_red@3x.png */,
				1DA1E76E22AA390C00FE1752 /* DaumMap */,
				1DA1E76F22AA390C00FE1752 /* daum_copyright.png */,
				1DA1E77022AA390C00FE1752 /* map_pin@3x.png */,
				1DA1E77122AA390C00FE1752 /* map_present_tracking.png */,
				1DA1E77222AA390C00FE1752 /* map_pin_red.png */,
				1DA1E77322AA390C00FE1752 /* Headers */,
				1DA1E77C22AA390C00FE1752 /* info_box.png */,
				1DA1E77D22AA390C00FE1752 /* point_sprite.png */,
				1DA1E77E22AA390C00FE1752 /* map_pinup_custom.png */,
				1DA1E77F22AA390C00FE1752 /* info_box_tail.png */,
				1DA1E78022AA390C00FE1752 /* noimage256.png */,
				1DA1E78122AA390C00FE1752 /* map_present_direction.png */,
				1DA1E78222AA390C00FE1752 /* map_pin.png */,
				1DA1E78322AA390C00FE1752 /* map_present.png */,
				1DA1E78422AA390C00FE1752 /* noimage.png */,
				1DA1E78522AA390C00FE1752 /* map_present_background_update.png */,
				1DA1E78622AA390C00FE1752 /* daum_th_line.png */,
				1DA1E78722AA390C00FE1752 /* map_pin_shadow.png */,
			);
			path = Resources;
			sourceTree = "<group>";
		};
		1DA1E77322AA390C00FE1752 /* Headers */ = {
			isa = PBXGroup;
			children = (
				1DA1E77422AA390C00FE1752 /* MTMapPOIItem.h */,
				1DA1E77522AA390C00FE1752 /* MTMapCameraUpdate.h */,
				1DA1E77622AA390C00FE1752 /* MTMapReverseGeoCoder.h */,
				1DA1E77722AA390C00FE1752 /* MTMapPolyline.h */,
				1DA1E77822AA390C00FE1752 /* MTMapLocationMarkerItem.h */,
				1DA1E77922AA390C00FE1752 /* MTMapView.h */,
				1DA1E77A22AA390C00FE1752 /* MTMapGeometry.h */,
				1DA1E77B22AA390C00FE1752 /* MTMapCircle.h */,
			);
			path = Headers;
			sourceTree = "<group>";
		};
		6EB61FD29B3C3E38BE60A319 /* Frameworks */ = {
			isa = PBXGroup;
			children = (
				1DA1E7B222AA397D00FE1752 /* libsqlite3.tbd */,
				1DA1E7B022AA396D00FE1752 /* libxml2.tbd */,
				1DA1E7AE22AA396000FE1752 /* libc++.tbd */,
				1DA1E7AC22AA395000FE1752 /* QuartzCore.framework */,
				1DA1E7AA22AA394300FE1752 /* CoreLocation.framework */,
				1DA1E7A822AA393700FE1752 /* SystemConfiguration.framework */,
				1DA1E7A622AA392200FE1752 /* OpenGLES.framework */,
				A45492C538DDEE39A742F3F4 /* Pods_FIneDust.framework */,
			);
			name = Frameworks;
			sourceTree = "<group>";
		};
		880A6F3F2F5ACE153DB030B5 /* Pods */ = {
			isa = PBXGroup;
			children = (
				BC039D168F7796FE2A963F5C /* Pods-FIneDust.debug.xcconfig */,
				B8AF13C6F3BD835846930428 /* Pods-FIneDust.release.xcconfig */,
			);
			path = Pods;
			sourceTree = "<group>";
		};
/* End PBXGroup section */

/* Begin PBXNativeTarget section */
		1DA1E723229F6DD000FE1752 /* FIneDust */ = {
			isa = PBXNativeTarget;
			buildConfigurationList = 1DA1E739229F6DD200FE1752 /* Build configuration list for PBXNativeTarget "FIneDust" */;
			buildPhases = (
				AEF79DBE80D2156E8E3C92B7 /* [CP] Check Pods Manifest.lock */,
				1DA1E720229F6DD000FE1752 /* Sources */,
				1DA1E721229F6DD000FE1752 /* Frameworks */,
				1DA1E722229F6DD000FE1752 /* Resources */,
				89A9EC7C22A240BC0014BDB8 /* Swift Lint */,
				CFD1099C66DC67A190DD986A /* [CP] Embed Pods Frameworks */,
			);
			buildRules = (
			);
			dependencies = (
			);
			name = FIneDust;
			productName = FIneDust;
			productReference = 1DA1E724229F6DD000FE1752 /* FIneDust.app */;
			productType = "com.apple.product-type.application";
		};
/* End PBXNativeTarget section */

/* Begin PBXProject section */
		1DA1E71C229F6DD000FE1752 /* Project object */ = {
			isa = PBXProject;
			attributes = {
				LastSwiftUpdateCheck = 1020;
				LastUpgradeCheck = 1020;
				ORGANIZATIONNAME = Seoyoung;
				TargetAttributes = {
					1DA1E723229F6DD000FE1752 = {
						CreatedOnToolsVersion = 10.2.1;
					};
				};
			};
			buildConfigurationList = 1DA1E71F229F6DD000FE1752 /* Build configuration list for PBXProject "FIneDust" */;
			compatibilityVersion = "Xcode 9.3";
			developmentRegion = en;
			hasScannedForEncodings = 0;
			knownRegions = (
				en,
				Base,
			);
			mainGroup = 1DA1E71B229F6DD000FE1752;
			productRefGroup = 1DA1E725229F6DD000FE1752 /* Products */;
			projectDirPath = "";
			projectRoot = "";
			targets = (
				1DA1E723229F6DD000FE1752 /* FIneDust */,
			);
		};
/* End PBXProject section */

/* Begin PBXResourcesBuildPhase section */
		1DA1E722229F6DD000FE1752 /* Resources */ = {
			isa = PBXResourcesBuildPhase;
			buildActionMask = 2147483647;
			files = (
				1DA1E7A022AA390C00FE1752 /* map_present.png in Resources */,
				1DA1E79622AA390C00FE1752 /* map_pin@3x.png in Resources */,
				1DA1E79322AA390C00FE1752 /* map_pin_red@3x.png in Resources */,
				1DA1E79F22AA390C00FE1752 /* map_pin.png in Resources */,
				1DA1E79822AA390C00FE1752 /* map_pin_red.png in Resources */,
				1DA1E78922AA390C00FE1752 /* map_pinup_custom@3x.png in Resources */,
				1DA1E79122AA390C00FE1752 /* copyright.png in Resources */,
				1DA1E79022AA390C00FE1752 /* map_pin_shadow@3x.png in Resources */,
				1DA1E735229F6DD200FE1752 /* LaunchScreen.storyboard in Resources */,
				1DA1E79522AA390C00FE1752 /* daum_copyright.png in Resources */,
				1DA1E79922AA390C00FE1752 /* info_box.png in Resources */,
				1DA1E78E22AA390C00FE1752 /* map_pin_custom@3x.png in Resources */,
				1DA1E7A422AA390C00FE1752 /* map_pin_shadow.png in Resources */,
				1DA1E79722AA390C00FE1752 /* map_present_tracking.png in Resources */,
				1DA1E78D22AA390C00FE1752 /* detail_button.png in Resources */,
				1DA1E7A122AA390C00FE1752 /* noimage.png in Resources */,
				1DA1E79222AA390C00FE1752 /* th_line.png in Resources */,
				1DA1E79C22AA390C00FE1752 /* info_box_tail.png in Resources */,
				1DA1E78A22AA390C00FE1752 /* map_pin_custom.png in Resources */,
				1DA1E79B22AA390C00FE1752 /* map_pinup_custom.png in Resources */,
				1DA1E78F22AA390C00FE1752 /* map_pinup@3x.png in Resources */,
				1DA1E79A22AA390C00FE1752 /* point_sprite.png in Resources */,
				1DA1E7A222AA390C00FE1752 /* map_present_background_update.png in Resources */,
				1DA1E79E22AA390C00FE1752 /* map_present_direction.png in Resources */,
				1DA1E79D22AA390C00FE1752 /* noimage256.png in Resources */,
				1DA1E78B22AA390C00FE1752 /* shadow_balloon.png in Resources */,
				1DA1E754229FB8A200FE1752 /* Assets.xcassets in Resources */,
				1DA1E72D229F6DD000FE1752 /* Main.storyboard in Resources */,
				1DA1E7A322AA390C00FE1752 /* daum_th_line.png in Resources */,
				1DA1E78C22AA390C00FE1752 /* map_pinup.png in Resources */,
			);
			runOnlyForDeploymentPostprocessing = 0;
		};
/* End PBXResourcesBuildPhase section */

/* Begin PBXShellScriptBuildPhase section */
		89A9EC7C22A240BC0014BDB8 /* Swift Lint */ = {
			isa = PBXShellScriptBuildPhase;
			buildActionMask = 2147483647;
			files = (
			);
			inputFileListPaths = (
			);
			inputPaths = (
			);
			name = "Swift Lint";
			outputFileListPaths = (
			);
			outputPaths = (
			);
			runOnlyForDeploymentPostprocessing = 0;
			shellPath = /bin/sh;
			shellScript = "\"${PODS_ROOT}/SwiftLint/swiftlint\"\n";
		};
		AEF79DBE80D2156E8E3C92B7 /* [CP] Check Pods Manifest.lock */ = {
			isa = PBXShellScriptBuildPhase;
			buildActionMask = 2147483647;
			files = (
			);
			inputFileListPaths = (
			);
			inputPaths = (
				"${PODS_PODFILE_DIR_PATH}/Podfile.lock",
				"${PODS_ROOT}/Manifest.lock",
			);
			name = "[CP] Check Pods Manifest.lock";
			outputFileListPaths = (
			);
			outputPaths = (
				"$(DERIVED_FILE_DIR)/Pods-FIneDust-checkManifestLockResult.txt",
			);
			runOnlyForDeploymentPostprocessing = 0;
			shellPath = /bin/sh;
			shellScript = "diff \"${PODS_PODFILE_DIR_PATH}/Podfile.lock\" \"${PODS_ROOT}/Manifest.lock\" > /dev/null\nif [ $? != 0 ] ; then\n    # print error to STDERR\n    echo \"error: The sandbox is not in sync with the Podfile.lock. Run 'pod install' or update your CocoaPods installation.\" >&2\n    exit 1\nfi\n# This output is used by Xcode 'outputs' to avoid re-running this script phase.\necho \"SUCCESS\" > \"${SCRIPT_OUTPUT_FILE_0}\"\n";
			showEnvVarsInLog = 0;
		};
		CFD1099C66DC67A190DD986A /* [CP] Embed Pods Frameworks */ = {
			isa = PBXShellScriptBuildPhase;
			buildActionMask = 2147483647;
			files = (
			);
			inputFileListPaths = (
			);
			inputPaths = (
				"${PODS_ROOT}/Target Support Files/Pods-FIneDust/Pods-FIneDust-frameworks.sh",
				"${BUILT_PRODUCTS_DIR}/Alamofire/Alamofire.framework",
			);
			name = "[CP] Embed Pods Frameworks";
			outputFileListPaths = (
			);
			outputPaths = (
				"${TARGET_BUILD_DIR}/${FRAMEWORKS_FOLDER_PATH}/Alamofire.framework",
			);
			runOnlyForDeploymentPostprocessing = 0;
			shellPath = /bin/sh;
			shellScript = "\"${PODS_ROOT}/Target Support Files/Pods-FIneDust/Pods-FIneDust-frameworks.sh\"\n";
			showEnvVarsInLog = 0;
		};
/* End PBXShellScriptBuildPhase section */

/* Begin PBXSourcesBuildPhase section */
		1DA1E720229F6DD000FE1752 /* Sources */ = {
			isa = PBXSourcesBuildPhase;
			buildActionMask = 2147483647;
			files = (
				1DA1E74C229F6F5600FE1752 /* CurrentStationNameVC.swift in Sources */,
				1DA1E72A229F6DD000FE1752 /* MainVC.swift in Sources */,
				1DA1E76022A75FFA00FE1752 /* SearchLocationVC.swift in Sources */,
				89A9EC8022A2454E0014BDB8 /* Enum.swift in Sources */,
				89A9EC7E22A2425A0014BDB8 /* Designables.swift in Sources */,
				1DA1E744229F6E8E00FE1752 /* AirData.swift in Sources */,
				1DA1E730229F6DD000FE1752 /* FIneDust.xcdatamodeld in Sources */,
				1DA1E74A229F6F0500FE1752 /* AirPollutionCell.swift in Sources */,
				1DA1E728229F6DD000FE1752 /* AppDelegate.swift in Sources */,
				1DA1E748229F6ED500FE1752 /* LocationData.swift in Sources */,
				1DA1E742229F6E7700FE1752 /* AirVO.swift in Sources */,
				1DA1E752229F6FCF00FE1752 /* transition.swift in Sources */,
				1DA1E746229F6EA800FE1752 /* LocationVO.swift in Sources */,
			);
			runOnlyForDeploymentPostprocessing = 0;
		};
/* End PBXSourcesBuildPhase section */

/* Begin PBXVariantGroup section */
		1DA1E72B229F6DD000FE1752 /* Main.storyboard */ = {
			isa = PBXVariantGroup;
			children = (
				1DA1E72C229F6DD000FE1752 /* Base */,
			);
			name = Main.storyboard;
			sourceTree = "<group>";
		};
		1DA1E733229F6DD200FE1752 /* LaunchScreen.storyboard */ = {
			isa = PBXVariantGroup;
			children = (
				1DA1E734229F6DD200FE1752 /* Base */,
			);
			name = LaunchScreen.storyboard;
			sourceTree = "<group>";
		};
/* End PBXVariantGroup section */

/* Begin XCBuildConfiguration section */
		1DA1E737229F6DD200FE1752 /* Debug */ = {
			isa = XCBuildConfiguration;
			buildSettings = {
				ALWAYS_SEARCH_USER_PATHS = NO;
				CLANG_ANALYZER_NONNULL = YES;
				CLANG_ANALYZER_NUMBER_OBJECT_CONVERSION = YES_AGGRESSIVE;
				CLANG_CXX_LANGUAGE_STANDARD = "gnu++14";
				CLANG_CXX_LIBRARY = "libc++";
				CLANG_ENABLE_MODULES = YES;
				CLANG_ENABLE_OBJC_ARC = YES;
				CLANG_ENABLE_OBJC_WEAK = YES;
				CLANG_WARN_BLOCK_CAPTURE_AUTORELEASING = YES;
				CLANG_WARN_BOOL_CONVERSION = YES;
				CLANG_WARN_COMMA = YES;
				CLANG_WARN_CONSTANT_CONVERSION = YES;
				CLANG_WARN_DEPRECATED_OBJC_IMPLEMENTATIONS = YES;
				CLANG_WARN_DIRECT_OBJC_ISA_USAGE = YES_ERROR;
				CLANG_WARN_DOCUMENTATION_COMMENTS = YES;
				CLANG_WARN_EMPTY_BODY = YES;
				CLANG_WARN_ENUM_CONVERSION = YES;
				CLANG_WARN_INFINITE_RECURSION = YES;
				CLANG_WARN_INT_CONVERSION = YES;
				CLANG_WARN_NON_LITERAL_NULL_CONVERSION = YES;
				CLANG_WARN_OBJC_IMPLICIT_RETAIN_SELF = YES;
				CLANG_WARN_OBJC_LITERAL_CONVERSION = YES;
				CLANG_WARN_OBJC_ROOT_CLASS = YES_ERROR;
				CLANG_WARN_RANGE_LOOP_ANALYSIS = YES;
				CLANG_WARN_STRICT_PROTOTYPES = YES;
				CLANG_WARN_SUSPICIOUS_MOVE = YES;
				CLANG_WARN_UNGUARDED_AVAILABILITY = YES_AGGRESSIVE;
				CLANG_WARN_UNREACHABLE_CODE = YES;
				CLANG_WARN__DUPLICATE_METHOD_MATCH = YES;
				CODE_SIGN_IDENTITY = "iPhone Developer";
				COPY_PHASE_STRIP = NO;
				DEBUG_INFORMATION_FORMAT = dwarf;
				ENABLE_STRICT_OBJC_MSGSEND = YES;
				ENABLE_TESTABILITY = YES;
				GCC_C_LANGUAGE_STANDARD = gnu11;
				GCC_DYNAMIC_NO_PIC = NO;
				GCC_NO_COMMON_BLOCKS = YES;
				GCC_OPTIMIZATION_LEVEL = 0;
				GCC_PREPROCESSOR_DEFINITIONS = (
					"DEBUG=1",
					"$(inherited)",
				);
				GCC_WARN_64_TO_32_BIT_CONVERSION = YES;
				GCC_WARN_ABOUT_RETURN_TYPE = YES_ERROR;
				GCC_WARN_UNDECLARED_SELECTOR = YES;
				GCC_WARN_UNINITIALIZED_AUTOS = YES_AGGRESSIVE;
				GCC_WARN_UNUSED_FUNCTION = YES;
				GCC_WARN_UNUSED_VARIABLE = YES;
				IPHONEOS_DEPLOYMENT_TARGET = 12.2;
				MTL_ENABLE_DEBUG_INFO = INCLUDE_SOURCE;
				MTL_FAST_MATH = YES;
				ONLY_ACTIVE_ARCH = YES;
				SDKROOT = iphoneos;
				SWIFT_ACTIVE_COMPILATION_CONDITIONS = DEBUG;
				SWIFT_OPTIMIZATION_LEVEL = "-Onone";
			};
			name = Debug;
		};
		1DA1E738229F6DD200FE1752 /* Release */ = {
			isa = XCBuildConfiguration;
			buildSettings = {
				ALWAYS_SEARCH_USER_PATHS = NO;
				CLANG_ANALYZER_NONNULL = YES;
				CLANG_ANALYZER_NUMBER_OBJECT_CONVERSION = YES_AGGRESSIVE;
				CLANG_CXX_LANGUAGE_STANDARD = "gnu++14";
				CLANG_CXX_LIBRARY = "libc++";
				CLANG_ENABLE_MODULES = YES;
				CLANG_ENABLE_OBJC_ARC = YES;
				CLANG_ENABLE_OBJC_WEAK = YES;
				CLANG_WARN_BLOCK_CAPTURE_AUTORELEASING = YES;
				CLANG_WARN_BOOL_CONVERSION = YES;
				CLANG_WARN_COMMA = YES;
				CLANG_WARN_CONSTANT_CONVERSION = YES;
				CLANG_WARN_DEPRECATED_OBJC_IMPLEMENTATIONS = YES;
				CLANG_WARN_DIRECT_OBJC_ISA_USAGE = YES_ERROR;
				CLANG_WARN_DOCUMENTATION_COMMENTS = YES;
				CLANG_WARN_EMPTY_BODY = YES;
				CLANG_WARN_ENUM_CONVERSION = YES;
				CLANG_WARN_INFINITE_RECURSION = YES;
				CLANG_WARN_INT_CONVERSION = YES;
				CLANG_WARN_NON_LITERAL_NULL_CONVERSION = YES;
				CLANG_WARN_OBJC_IMPLICIT_RETAIN_SELF = YES;
				CLANG_WARN_OBJC_LITERAL_CONVERSION = YES;
				CLANG_WARN_OBJC_ROOT_CLASS = YES_ERROR;
				CLANG_WARN_RANGE_LOOP_ANALYSIS = YES;
				CLANG_WARN_STRICT_PROTOTYPES = YES;
				CLANG_WARN_SUSPICIOUS_MOVE = YES;
				CLANG_WARN_UNGUARDED_AVAILABILITY = YES_AGGRESSIVE;
				CLANG_WARN_UNREACHABLE_CODE = YES;
				CLANG_WARN__DUPLICATE_METHOD_MATCH = YES;
				CODE_SIGN_IDENTITY = "iPhone Developer";
				COPY_PHASE_STRIP = NO;
				DEBUG_INFORMATION_FORMAT = "dwarf-with-dsym";
				ENABLE_NS_ASSERTIONS = NO;
				ENABLE_STRICT_OBJC_MSGSEND = YES;
				GCC_C_LANGUAGE_STANDARD = gnu11;
				GCC_NO_COMMON_BLOCKS = YES;
				GCC_WARN_64_TO_32_BIT_CONVERSION = YES;
				GCC_WARN_ABOUT_RETURN_TYPE = YES_ERROR;
				GCC_WARN_UNDECLARED_SELECTOR = YES;
				GCC_WARN_UNINITIALIZED_AUTOS = YES_AGGRESSIVE;
				GCC_WARN_UNUSED_FUNCTION = YES;
				GCC_WARN_UNUSED_VARIABLE = YES;
				IPHONEOS_DEPLOYMENT_TARGET = 12.2;
				MTL_ENABLE_DEBUG_INFO = NO;
				MTL_FAST_MATH = YES;
				SDKROOT = iphoneos;
				SWIFT_COMPILATION_MODE = wholemodule;
				SWIFT_OPTIMIZATION_LEVEL = "-O";
				VALIDATE_PRODUCT = YES;
			};
			name = Release;
		};
		1DA1E73A229F6DD200FE1752 /* Debug */ = {
			isa = XCBuildConfiguration;
			baseConfigurationReference = BC039D168F7796FE2A963F5C /* Pods-FIneDust.debug.xcconfig */;
			buildSettings = {
				ASSETCATALOG_COMPILER_APPICON_NAME = AppIcon;
				CLANG_ENABLE_OBJC_ARC = NO;
				CODE_SIGN_IDENTITY = "iPhone Developer";
				CODE_SIGN_STYLE = Automatic;
				DEVELOPMENT_TEAM = T49KR6B34C;
				FRAMEWORK_SEARCH_PATHS = (
					"$(inherited)",
					"$(PROJECT_DIR)/FIneDust/DaumMap.embeddedframework",
				);
				INFOPLIST_FILE = FIneDust/Info.plist;
				LD_RUNPATH_SEARCH_PATHS = (
					"$(inherited)",
					"@executable_path/Frameworks",
				);
				LIBRARY_SEARCH_PATHS = (
					"$(inherited)",
					"$(PROJECT_DIR)/FIneDust/DaumMap.embeddedframework/Resources",
				);
				PRODUCT_BUNDLE_IDENTIFIER = com.seoyoung.FineDust;
				PRODUCT_NAME = "$(TARGET_NAME)";
				PROVISIONING_PROFILE_SPECIFIER = "";
				SWIFT_VERSION = 5.0;
				TARGETED_DEVICE_FAMILY = "1,2";
			};
			name = Debug;
		};
		1DA1E73B229F6DD200FE1752 /* Release */ = {
			isa = XCBuildConfiguration;
			baseConfigurationReference = B8AF13C6F3BD835846930428 /* Pods-FIneDust.release.xcconfig */;
			buildSettings = {
				ASSETCATALOG_COMPILER_APPICON_NAME = AppIcon;
				CLANG_ENABLE_OBJC_ARC = NO;
				CODE_SIGN_IDENTITY = "iPhone Developer";
				CODE_SIGN_STYLE = Automatic;
				DEVELOPMENT_TEAM = T49KR6B34C;
				FRAMEWORK_SEARCH_PATHS = (
					"$(inherited)",
					"$(PROJECT_DIR)/FIneDust/DaumMap.embeddedframework",
				);
				INFOPLIST_FILE = FIneDust/Info.plist;
				LD_RUNPATH_SEARCH_PATHS = (
					"$(inherited)",
					"@executable_path/Frameworks",
				);
				LIBRARY_SEARCH_PATHS = (
					"$(inherited)",
					"$(PROJECT_DIR)/FIneDust/DaumMap.embeddedframework/Resources",
				);
				PRODUCT_BUNDLE_IDENTIFIER = com.seoyoung.FineDust;
				PRODUCT_NAME = "$(TARGET_NAME)";
				PROVISIONING_PROFILE_SPECIFIER = "";
				SWIFT_VERSION = 5.0;
				TARGETED_DEVICE_FAMILY = "1,2";
			};
			name = Release;
		};
/* End XCBuildConfiguration section */

/* Begin XCConfigurationList section */
		1DA1E71F229F6DD000FE1752 /* Build configuration list for PBXProject "FIneDust" */ = {
			isa = XCConfigurationList;
			buildConfigurations = (
				1DA1E737229F6DD200FE1752 /* Debug */,
				1DA1E738229F6DD200FE1752 /* Release */,
			);
			defaultConfigurationIsVisible = 0;
			defaultConfigurationName = Release;
		};
		1DA1E739229F6DD200FE1752 /* Build configuration list for PBXNativeTarget "FIneDust" */ = {
			isa = XCConfigurationList;
			buildConfigurations = (
				1DA1E73A229F6DD200FE1752 /* Debug */,
				1DA1E73B229F6DD200FE1752 /* Release */,
			);
			defaultConfigurationIsVisible = 0;
			defaultConfigurationName = Release;
		};
/* End XCConfigurationList section */

/* Begin XCVersionGroup section */
		1DA1E72E229F6DD000FE1752 /* FIneDust.xcdatamodeld */ = {
			isa = XCVersionGroup;
			children = (
				1DA1E72F229F6DD000FE1752 /* FIneDust.xcdatamodel */,
			);
			currentVersion = 1DA1E72F229F6DD000FE1752 /* FIneDust.xcdatamodel */;
			path = FIneDust.xcdatamodeld;
			sourceTree = "<group>";
			versionGroupType = wrapper.xcdatamodel;
		};
/* End XCVersionGroup section */
	};
	rootObject = 1DA1E71C229F6DD000FE1752 /* Project object */;
}
