// !$*UTF8*$!
{
	archiveVersion = 1;
	classes = {
	};
	objectVersion = 50;
	objects = {

/* Begin PBXBuildFile section */
		09C8F137CD93C768ABD20F2F /* Pods_Trier.framework in Frameworks */ = {isa = PBXBuildFile; fileRef = E84414C32F184989FDD3C937 /* Pods_Trier.framework */; };
		1DA1E7C122AE5D0500FE1752 /* AppDelegate.swift in Sources */ = {isa = PBXBuildFile; fileRef = 1DA1E7C022AE5D0500FE1752 /* AppDelegate.swift */; };
		1DA1E7C322AE5D0500FE1752 /* ViewController.swift in Sources */ = {isa = PBXBuildFile; fileRef = 1DA1E7C222AE5D0500FE1752 /* ViewController.swift */; };
		1DA1E7C622AE5D0600FE1752 /* Main.storyboard in Resources */ = {isa = PBXBuildFile; fileRef = 1DA1E7C422AE5D0500FE1752 /* Main.storyboard */; };
		1DA1E7C922AE5D0600FE1752 /* Trier.xcdatamodeld in Sources */ = {isa = PBXBuildFile; fileRef = 1DA1E7C722AE5D0600FE1752 /* Trier.xcdatamodeld */; };
		1DA1E7CB22AE5D0700FE1752 /* Assets.xcassets in Resources */ = {isa = PBXBuildFile; fileRef = 1DA1E7CA22AE5D0700FE1752 /* Assets.xcassets */; };
		1DA1E7CE22AE5D0700FE1752 /* LaunchScreen.storyboard in Resources */ = {isa = PBXBuildFile; fileRef = 1DA1E7CC22AE5D0700FE1752 /* LaunchScreen.storyboard */; };
		1DA1E7D622AE5F1B00FE1752 /* Models.swift in Sources */ = {isa = PBXBuildFile; fileRef = 1DA1E7D522AE5F1B00FE1752 /* Models.swift */; };
/* End PBXBuildFile section */

/* Begin PBXFileReference section */
		1DA1E7BD22AE5D0500FE1752 /* Trier.app */ = {isa = PBXFileReference; explicitFileType = wrapper.application; includeInIndex = 0; path = Trier.app; sourceTree = BUILT_PRODUCTS_DIR; };
		1DA1E7C022AE5D0500FE1752 /* AppDelegate.swift */ = {isa = PBXFileReference; lastKnownFileType = sourcecode.swift; path = AppDelegate.swift; sourceTree = "<group>"; };
		1DA1E7C222AE5D0500FE1752 /* ViewController.swift */ = {isa = PBXFileReference; lastKnownFileType = sourcecode.swift; path = ViewController.swift; sourceTree = "<group>"; };
		1DA1E7C522AE5D0500FE1752 /* Base */ = {isa = PBXFileReference; lastKnownFileType = file.storyboard; name = Base; path = Base.lproj/Main.storyboard; sourceTree = "<group>"; };
		1DA1E7C822AE5D0600FE1752 /* Trier.xcdatamodel */ = {isa = PBXFileReference; lastKnownFileType = wrapper.xcdatamodel; path = Trier.xcdatamodel; sourceTree = "<group>"; };
		1DA1E7CA22AE5D0700FE1752 /* Assets.xcassets */ = {isa = PBXFileReference; lastKnownFileType = folder.assetcatalog; path = Assets.xcassets; sourceTree = "<group>"; };
		1DA1E7CD22AE5D0700FE1752 /* Base */ = {isa = PBXFileReference; lastKnownFileType = file.storyboard; name = Base; path = Base.lproj/LaunchScreen.storyboard; sourceTree = "<group>"; };
		1DA1E7CF22AE5D0700FE1752 /* Info.plist */ = {isa = PBXFileReference; lastKnownFileType = text.plist.xml; path = Info.plist; sourceTree = "<group>"; };
		1DA1E7D522AE5F1B00FE1752 /* Models.swift */ = {isa = PBXFileReference; lastKnownFileType = sourcecode.swift; path = Models.swift; sourceTree = "<group>"; };
		2CB517A16223D77E1AFBD2D6 /* Pods-Trier.debug.xcconfig */ = {isa = PBXFileReference; includeInIndex = 1; lastKnownFileType = text.xcconfig; name = "Pods-Trier.debug.xcconfig"; path = "Target Support Files/Pods-Trier/Pods-Trier.debug.xcconfig"; sourceTree = "<group>"; };
		8A893B73C87034136FE7606A /* Pods-Trier.release.xcconfig */ = {isa = PBXFileReference; includeInIndex = 1; lastKnownFileType = text.xcconfig; name = "Pods-Trier.release.xcconfig"; path = "Target Support Files/Pods-Trier/Pods-Trier.release.xcconfig"; sourceTree = "<group>"; };
		E84414C32F184989FDD3C937 /* Pods_Trier.framework */ = {isa = PBXFileReference; explicitFileType = wrapper.framework; includeInIndex = 0; path = Pods_Trier.framework; sourceTree = BUILT_PRODUCTS_DIR; };
/* End PBXFileReference section */

/* Begin PBXFrameworksBuildPhase section */
		1DA1E7BA22AE5D0500FE1752 /* Frameworks */ = {
			isa = PBXFrameworksBuildPhase;
			buildActionMask = 2147483647;
			files = (
				09C8F137CD93C768ABD20F2F /* Pods_Trier.framework in Frameworks */,
			);
			runOnlyForDeploymentPostprocessing = 0;
		};
/* End PBXFrameworksBuildPhase section */

/* Begin PBXGroup section */
		1DA1E7B422AE5D0500FE1752 = {
			isa = PBXGroup;
			children = (
				1DA1E7BF22AE5D0500FE1752 /* Trier */,
				1DA1E7BE22AE5D0500FE1752 /* Products */,
				3415C92B060A6519347F0C20 /* Pods */,
				4AD0C5A8D2A3D016295D67AA /* Frameworks */,
			);
			sourceTree = "<group>";
		};
		1DA1E7BE22AE5D0500FE1752 /* Products */ = {
			isa = PBXGroup;
			children = (
				1DA1E7BD22AE5D0500FE1752 /* Trier.app */,
			);
			name = Products;
			sourceTree = "<group>";
		};
		1DA1E7BF22AE5D0500FE1752 /* Trier */ = {
			isa = PBXGroup;
			children = (
				1DA1E7C022AE5D0500FE1752 /* AppDelegate.swift */,
				1DA1E7D522AE5F1B00FE1752 /* Models.swift */,
				1DA1E7C222AE5D0500FE1752 /* ViewController.swift */,
				1DA1E7C422AE5D0500FE1752 /* Main.storyboard */,
				1DA1E7CA22AE5D0700FE1752 /* Assets.xcassets */,
				1DA1E7CC22AE5D0700FE1752 /* LaunchScreen.storyboard */,
				1DA1E7CF22AE5D0700FE1752 /* Info.plist */,
				1DA1E7C722AE5D0600FE1752 /* Trier.xcdatamodeld */,
			);
			path = Trier;
			sourceTree = "<group>";
		};
		3415C92B060A6519347F0C20 /* Pods */ = {
			isa = PBXGroup;
			children = (
				2CB517A16223D77E1AFBD2D6 /* Pods-Trier.debug.xcconfig */,
				8A893B73C87034136FE7606A /* Pods-Trier.release.xcconfig */,
			);
			path = Pods;
			sourceTree = "<group>";
		};
		4AD0C5A8D2A3D016295D67AA /* Frameworks */ = {
			isa = PBXGroup;
			children = (
				E84414C32F184989FDD3C937 /* Pods_Trier.framework */,
			);
			name = Frameworks;
			sourceTree = "<group>";
		};
/* End PBXGroup section */

/* Begin PBXNativeTarget section */
		1DA1E7BC22AE5D0500FE1752 /* Trier */ = {
			isa = PBXNativeTarget;
			buildConfigurationList = 1DA1E7D222AE5D0700FE1752 /* Build configuration list for PBXNativeTarget "Trier" */;
			buildPhases = (
				60669EE06503582650300C0A /* [CP] Check Pods Manifest.lock */,
				1DA1E7B922AE5D0500FE1752 /* Sources */,
				1DA1E7BA22AE5D0500FE1752 /* Frameworks */,
				1DA1E7BB22AE5D0500FE1752 /* Resources */,
				67C8A28847A2C3DDDB25AEAB /* [CP] Embed Pods Frameworks */,
			);
			buildRules = (
			);
			dependencies = (
			);
			name = Trier;
			productName = Trier;
			productReference = 1DA1E7BD22AE5D0500FE1752 /* Trier.app */;
			productType = "com.apple.product-type.application";
		};
/* End PBXNativeTarget section */

/* Begin PBXProject section */
		1DA1E7B522AE5D0500FE1752 /* Project object */ = {
			isa = PBXProject;
			attributes = {
				LastSwiftUpdateCheck = 1020;
				LastUpgradeCheck = 1020;
				ORGANIZATIONNAME = Seoyoung;
				TargetAttributes = {
					1DA1E7BC22AE5D0500FE1752 = {
						CreatedOnToolsVersion = 10.2.1;
					};
				};
			};
			buildConfigurationList = 1DA1E7B822AE5D0500FE1752 /* Build configuration list for PBXProject "Trier" */;
			compatibilityVersion = "Xcode 9.3";
			developmentRegion = en;
			hasScannedForEncodings = 0;
			knownRegions = (
				en,
				Base,
			);
			mainGroup = 1DA1E7B422AE5D0500FE1752;
			productRefGroup = 1DA1E7BE22AE5D0500FE1752 /* Products */;
			projectDirPath = "";
			projectRoot = "";
			targets = (
				1DA1E7BC22AE5D0500FE1752 /* Trier */,
			);
		};
/* End PBXProject section */

/* Begin PBXResourcesBuildPhase section */
		1DA1E7BB22AE5D0500FE1752 /* Resources */ = {
			isa = PBXResourcesBuildPhase;
			buildActionMask = 2147483647;
			files = (
				1DA1E7CE22AE5D0700FE1752 /* LaunchScreen.storyboard in Resources */,
				1DA1E7CB22AE5D0700FE1752 /* Assets.xcassets in Resources */,
				1DA1E7C622AE5D0600FE1752 /* Main.storyboard in Resources */,
			);
			runOnlyForDeploymentPostprocessing = 0;
		};
/* End PBXResourcesBuildPhase section */

/* Begin PBXShellScriptBuildPhase section */
		60669EE06503582650300C0A /* [CP] Check Pods Manifest.lock */ = {
			isa = PBXShellScriptBuildPhase;
			buildActionMask = 2147483647;
			files = (
			);
			inputFileListPaths = (
			);
			inputPaths = (
				"${PODS_PODFILE_DIR_PATH}/Podfile.lock",
				"${PODS_ROOT}/Manifest.lock",
			);
			name = "[CP] Check Pods Manifest.lock";
			outputFileListPaths = (
			);
			outputPaths = (
				"$(DERIVED_FILE_DIR)/Pods-Trier-checkManifestLockResult.txt",
			);
			runOnlyForDeploymentPostprocessing = 0;
			shellPath = /bin/sh;
			shellScript = "diff \"${PODS_PODFILE_DIR_PATH}/Podfile.lock\" \"${PODS_ROOT}/Manifest.lock\" > /dev/null\nif [ $? != 0 ] ; then\n    # print error to STDERR\n    echo \"error: The sandbox is not in sync with the Podfile.lock. Run 'pod install' or update your CocoaPods installation.\" >&2\n    exit 1\nfi\n# This output is used by Xcode 'outputs' to avoid re-running this script phase.\necho \"SUCCESS\" > \"${SCRIPT_OUTPUT_FILE_0}\"\n";
			showEnvVarsInLog = 0;
		};
		67C8A28847A2C3DDDB25AEAB /* [CP] Embed Pods Frameworks */ = {
			isa = PBXShellScriptBuildPhase;
			buildActionMask = 2147483647;
			files = (
			);
			inputFileListPaths = (
			);
			inputPaths = (
				"${PODS_ROOT}/Target Support Files/Pods-Trier/Pods-Trier-frameworks.sh",
				"${BUILT_PRODUCTS_DIR}/Realm/Realm.framework",
				"${BUILT_PRODUCTS_DIR}/RealmSwift/RealmSwift.framework",
			);
			name = "[CP] Embed Pods Frameworks";
			outputFileListPaths = (
			);
			outputPaths = (
				"${TARGET_BUILD_DIR}/${FRAMEWORKS_FOLDER_PATH}/Realm.framework",
				"${TARGET_BUILD_DIR}/${FRAMEWORKS_FOLDER_PATH}/RealmSwift.framework",
			);
			runOnlyForDeploymentPostprocessing = 0;
			shellPath = /bin/sh;
			shellScript = "\"${PODS_ROOT}/Target Support Files/Pods-Trier/Pods-Trier-frameworks.sh\"\n";
			showEnvVarsInLog = 0;
		};
/* End PBXShellScriptBuildPhase section */

/* Begin PBXSourcesBuildPhase section */
		1DA1E7B922AE5D0500FE1752 /* Sources */ = {
			isa = PBXSourcesBuildPhase;
			buildActionMask = 2147483647;
			files = (
				1DA1E7C322AE5D0500FE1752 /* ViewController.swift in Sources */,
				1DA1E7C122AE5D0500FE1752 /* AppDelegate.swift in Sources */,
				1DA1E7C922AE5D0600FE1752 /* Trier.xcdatamodeld in Sources */,
				1DA1E7D622AE5F1B00FE1752 /* Models.swift in Sources */,
			);
			runOnlyForDeploymentPostprocessing = 0;
		};
/* End PBXSourcesBuildPhase section */

/* Begin PBXVariantGroup section */
		1DA1E7C422AE5D0500FE1752 /* Main.storyboard */ = {
			isa = PBXVariantGroup;
			children = (
				1DA1E7C522AE5D0500FE1752 /* Base */,
			);
			name = Main.storyboard;
			sourceTree = "<group>";
		};
		1DA1E7CC22AE5D0700FE1752 /* LaunchScreen.storyboard */ = {
			isa = PBXVariantGroup;
			children = (
				1DA1E7CD22AE5D0700FE1752 /* Base */,
			);
			name = LaunchScreen.storyboard;
			sourceTree = "<group>";
		};
/* End PBXVariantGroup section */

/* Begin XCBuildConfiguration section */
		1DA1E7D022AE5D0700FE1752 /* Debug */ = {
			isa = XCBuildConfiguration;
			buildSettings = {
				ALWAYS_SEARCH_USER_PATHS = NO;
				CLANG_ANALYZER_NONNULL = YES;
				CLANG_ANALYZER_NUMBER_OBJECT_CONVERSION = YES_AGGRESSIVE;
				CLANG_CXX_LANGUAGE_STANDARD = "gnu++14";
				CLANG_CXX_LIBRARY = "libc++";
				CLANG_ENABLE_MODULES = YES;
				CLANG_ENABLE_OBJC_ARC = YES;
				CLANG_ENABLE_OBJC_WEAK = YES;
				CLANG_WARN_BLOCK_CAPTURE_AUTORELEASING = YES;
				CLANG_WARN_BOOL_CONVERSION = YES;
				CLANG_WARN_COMMA = YES;
				CLANG_WARN_CONSTANT_CONVERSION = YES;
				CLANG_WARN_DEPRECATED_OBJC_IMPLEMENTATIONS = YES;
				CLANG_WARN_DIRECT_OBJC_ISA_USAGE = YES_ERROR;
				CLANG_WARN_DOCUMENTATION_COMMENTS = YES;
				CLANG_WARN_EMPTY_BODY = YES;
				CLANG_WARN_ENUM_CONVERSION = YES;
				CLANG_WARN_INFINITE_RECURSION = YES;
				CLANG_WARN_INT_CONVERSION = YES;
				CLANG_WARN_NON_LITERAL_NULL_CONVERSION = YES;
				CLANG_WARN_OBJC_IMPLICIT_RETAIN_SELF = YES;
				CLANG_WARN_OBJC_LITERAL_CONVERSION = YES;
				CLANG_WARN_OBJC_ROOT_CLASS = YES_ERROR;
				CLANG_WARN_RANGE_LOOP_ANALYSIS = YES;
				CLANG_WARN_STRICT_PROTOTYPES = YES;
				CLANG_WARN_SUSPICIOUS_MOVE = YES;
				CLANG_WARN_UNGUARDED_AVAILABILITY = YES_AGGRESSIVE;
				CLANG_WARN_UNREACHABLE_CODE = YES;
				CLANG_WARN__DUPLICATE_METHOD_MATCH = YES;
				CODE_SIGN_IDENTITY = "iPhone Developer";
				COPY_PHASE_STRIP = NO;
				DEBUG_INFORMATION_FORMAT = dwarf;
				ENABLE_STRICT_OBJC_MSGSEND = YES;
				ENABLE_TESTABILITY = YES;
				GCC_C_LANGUAGE_STANDARD = gnu11;
				GCC_DYNAMIC_NO_PIC = NO;
				GCC_NO_COMMON_BLOCKS = YES;
				GCC_OPTIMIZATION_LEVEL = 0;
				GCC_PREPROCESSOR_DEFINITIONS = (
					"DEBUG=1",
					"$(inherited)",
				);
				GCC_WARN_64_TO_32_BIT_CONVERSION = YES;
				GCC_WARN_ABOUT_RETURN_TYPE = YES_ERROR;
				GCC_WARN_UNDECLARED_SELECTOR = YES;
				GCC_WARN_UNINITIALIZED_AUTOS = YES_AGGRESSIVE;
				GCC_WARN_UNUSED_FUNCTION = YES;
				GCC_WARN_UNUSED_VARIABLE = YES;
				IPHONEOS_DEPLOYMENT_TARGET = 12.2;
				MTL_ENABLE_DEBUG_INFO = INCLUDE_SOURCE;
				MTL_FAST_MATH = YES;
				ONLY_ACTIVE_ARCH = YES;
				SDKROOT = iphoneos;
				SWIFT_ACTIVE_COMPILATION_CONDITIONS = DEBUG;
				SWIFT_OPTIMIZATION_LEVEL = "-Onone";
			};
			name = Debug;
		};
		1DA1E7D122AE5D0700FE1752 /* Release */ = {
			isa = XCBuildConfiguration;
			buildSettings = {
				ALWAYS_SEARCH_USER_PATHS = NO;
				CLANG_ANALYZER_NONNULL = YES;
				CLANG_ANALYZER_NUMBER_OBJECT_CONVERSION = YES_AGGRESSIVE;
				CLANG_CXX_LANGUAGE_STANDARD = "gnu++14";
				CLANG_CXX_LIBRARY = "libc++";
				CLANG_ENABLE_MODULES = YES;
				CLANG_ENABLE_OBJC_ARC = YES;
				CLANG_ENABLE_OBJC_WEAK = YES;
				CLANG_WARN_BLOCK_CAPTURE_AUTORELEASING = YES;
				CLANG_WARN_BOOL_CONVERSION = YES;
				CLANG_WARN_COMMA = YES;
				CLANG_WARN_CONSTANT_CONVERSION = YES;
				CLANG_WARN_DEPRECATED_OBJC_IMPLEMENTATIONS = YES;
				CLANG_WARN_DIRECT_OBJC_ISA_USAGE = YES_ERROR;
				CLANG_WARN_DOCUMENTATION_COMMENTS = YES;
				CLANG_WARN_EMPTY_BODY = YES;
				CLANG_WARN_ENUM_CONVERSION = YES;
				CLANG_WARN_INFINITE_RECURSION = YES;
				CLANG_WARN_INT_CONVERSION = YES;
				CLANG_WARN_NON_LITERAL_NULL_CONVERSION = YES;
				CLANG_WARN_OBJC_IMPLICIT_RETAIN_SELF = YES;
				CLANG_WARN_OBJC_LITERAL_CONVERSION = YES;
				CLANG_WARN_OBJC_ROOT_CLASS = YES_ERROR;
				CLANG_WARN_RANGE_LOOP_ANALYSIS = YES;
				CLANG_WARN_STRICT_PROTOTYPES = YES;
				CLANG_WARN_SUSPICIOUS_MOVE = YES;
				CLANG_WARN_UNGUARDED_AVAILABILITY = YES_AGGRESSIVE;
				CLANG_WARN_UNREACHABLE_CODE = YES;
				CLANG_WARN__DUPLICATE_METHOD_MATCH = YES;
				CODE_SIGN_IDENTITY = "iPhone Developer";
				COPY_PHASE_STRIP = NO;
				DEBUG_INFORMATION_FORMAT = "dwarf-with-dsym";
				ENABLE_NS_ASSERTIONS = NO;
				ENABLE_STRICT_OBJC_MSGSEND = YES;
				GCC_C_LANGUAGE_STANDARD = gnu11;
				GCC_NO_COMMON_BLOCKS = YES;
				GCC_WARN_64_TO_32_BIT_CONVERSION = YES;
				GCC_WARN_ABOUT_RETURN_TYPE = YES_ERROR;
				GCC_WARN_UNDECLARED_SELECTOR = YES;
				GCC_WARN_UNINITIALIZED_AUTOS = YES_AGGRESSIVE;
				GCC_WARN_UNUSED_FUNCTION = YES;
				GCC_WARN_UNUSED_VARIABLE = YES;
				IPHONEOS_DEPLOYMENT_TARGET = 12.2;
				MTL_ENABLE_DEBUG_INFO = NO;
				MTL_FAST_MATH = YES;
				SDKROOT = iphoneos;
				SWIFT_COMPILATION_MODE = wholemodule;
				SWIFT_OPTIMIZATION_LEVEL = "-O";
				VALIDATE_PRODUCT = YES;
			};
			name = Release;
		};
		1DA1E7D322AE5D0700FE1752 /* Debug */ = {
			isa = XCBuildConfiguration;
			baseConfigurationReference = 2CB517A16223D77E1AFBD2D6 /* Pods-Trier.debug.xcconfig */;
			buildSettings = {
				ASSETCATALOG_COMPILER_APPICON_NAME = AppIcon;
				CODE_SIGN_STYLE = Automatic;
				INFOPLIST_FILE = Trier/Info.plist;
				LD_RUNPATH_SEARCH_PATHS = (
					"$(inherited)",
					"@executable_path/Frameworks",
				);
				PRODUCT_BUNDLE_IDENTIFIER = com.seoyoung.Trier;
				PRODUCT_NAME = "$(TARGET_NAME)";
				SWIFT_VERSION = 5.0;
				TARGETED_DEVICE_FAMILY = "1,2";
			};
			name = Debug;
		};
		1DA1E7D422AE5D0700FE1752 /* Release */ = {
			isa = XCBuildConfiguration;
			baseConfigurationReference = 8A893B73C87034136FE7606A /* Pods-Trier.release.xcconfig */;
			buildSettings = {
				ASSETCATALOG_COMPILER_APPICON_NAME = AppIcon;
				CODE_SIGN_STYLE = Automatic;
				INFOPLIST_FILE = Trier/Info.plist;
				LD_RUNPATH_SEARCH_PATHS = (
					"$(inherited)",
					"@executable_path/Frameworks",
				);
				PRODUCT_BUNDLE_IDENTIFIER = com.seoyoung.Trier;
				PRODUCT_NAME = "$(TARGET_NAME)";
				SWIFT_VERSION = 5.0;
				TARGETED_DEVICE_FAMILY = "1,2";
			};
			name = Release;
		};
/* End XCBuildConfiguration section */

/* Begin XCConfigurationList section */
		1DA1E7B822AE5D0500FE1752 /* Build configuration list for PBXProject "Trier" */ = {
			isa = XCConfigurationList;
			buildConfigurations = (
				1DA1E7D022AE5D0700FE1752 /* Debug */,
				1DA1E7D122AE5D0700FE1752 /* Release */,
			);
			defaultConfigurationIsVisible = 0;
			defaultConfigurationName = Release;
		};
		1DA1E7D222AE5D0700FE1752 /* Build configuration list for PBXNativeTarget "Trier" */ = {
			isa = XCConfigurationList;
			buildConfigurations = (
				1DA1E7D322AE5D0700FE1752 /* Debug */,
				1DA1E7D422AE5D0700FE1752 /* Release */,
			);
			defaultConfigurationIsVisible = 0;
			defaultConfigurationName = Release;
		};
/* End XCConfigurationList section */

/* Begin XCVersionGroup section */
		1DA1E7C722AE5D0600FE1752 /* Trier.xcdatamodeld */ = {
			isa = XCVersionGroup;
			children = (
				1DA1E7C822AE5D0600FE1752 /* Trier.xcdatamodel */,
			);
			currentVersion = 1DA1E7C822AE5D0600FE1752 /* Trier.xcdatamodel */;
			path = Trier.xcdatamodeld;
			sourceTree = "<group>";
			versionGroupType = wrapper.xcdatamodel;
		};
/* End XCVersionGroup section */
	};
	rootObject = 1DA1E7B522AE5D0500FE1752 /* Project object */;
}
