PODS:
  - Realm (3.15.0):
    - Realm/Headers (= 3.15.0)
  - Realm/Headers (3.15.0)
  - RealmSwift (3.15.0):
    - Realm (= 3.15.0)
  - SwiftLint (0.32.0)

DEPENDENCIES:
  - RealmSwift
  - SwiftLint

SPEC REPOS:
  https://github.com/cocoapods/specs.git:
    - Realm
    - RealmSwift
    - SwiftLint

SPEC CHECKSUMS:
  Realm: 9b834e1be6062f544805252c812348872dc5d4ed
  RealmSwift: 8a41886f8ab6efef9eb8df97de2f2bb911561a79
  SwiftLint: 009a898ef2a1c851f45e1b59349bf6ff2ddc990d

PODFILE CHECKSUM: 41f8b4633b6b5810b0b5151531be5eff3c879835

COCOAPODS: 1.6.2
