PODS:
  - Alamofire (4.8.2)
  - FBSDKCoreKit (5.0.0):
    - FBSDKCoreKit/Basics (= 5.0.0)
    - FBSDKCoreKit/Core (= 5.0.0)
  - FBSDKCoreKit/Basics (5.0.0)
  - FBSDKCoreKit/Core (5.0.0):
    - FBSDKCoreKit/Basics
  - FBSDKLoginKit (5.0.0):
    - FBSDKCoreKit (= 5.0.0)
  - FBSDKShareKit (5.0.0):
    - FBSDKCoreKit (= 5.0.0)
  - GoogleSignIn (4.4.0):
    - "GoogleToolboxForMac/NSDictionary+URLArguments (~> 2.1)"
    - "GoogleToolboxForMac/NSString+URLArguments (~> 2.1)"
    - GTMSessionFetcher/Core (~> 1.1)
  - GoogleToolboxForMac/DebugUtils (2.2.1):
    - GoogleToolboxForMac/Defines (= 2.2.1)
  - GoogleToolboxForMac/Defines (2.2.1)
  - "GoogleToolboxForMac/NSDictionary+URLArguments (2.2.1)":
    - GoogleToolboxForMac/DebugUtils (= 2.2.1)
    - GoogleToolboxForMac/Defines (= 2.2.1)
    - "GoogleToolboxForMac/NSString+URLArguments (= 2.2.1)"
  - "GoogleToolboxForMac/NSString+URLArguments (2.2.1)"
  - GTMSessionFetcher/Core (1.2.2)
  - naveridlogin-sdk-ios (4.0.12)

DEPENDENCIES:
  - Alamofire
  - FBSDKCoreKit
  - FBSDKLoginKit
  - FBSDKShareKit
  - GoogleSignIn
  - naveridlogin-sdk-ios

SPEC REPOS:
  https://github.com/cocoapods/specs.git:
    - Alamofire
    - FBSDKCoreKit
    - FBSDKLoginKit
    - FBSDKShareKit
    - GoogleSignIn
    - GoogleToolboxForMac
    - GTMSessionFetcher
    - naveridlogin-sdk-ios

SPEC CHECKSUMS:
  Alamofire: ae5c501addb7afdbb13687d7f2f722c78734c2d3
  FBSDKCoreKit: ba361d4a9d4dc29ff218822b849b22d4f869c7bb
  FBSDKLoginKit: c6d0dc187bd076e370dffa10f7fc8a3562a6892c
  FBSDKShareKit: edf3450bf82ce0c626b31943f370d3729082746d
  GoogleSignIn: 7ff245e1a7b26d379099d3243a562f5747e23d39
  GoogleToolboxForMac: b3553629623a3b1bff17f555e736cd5a6d95ad55
  GTMSessionFetcher: 61bb0f61a4cb560030f1222021178008a5727a23
  naveridlogin-sdk-ios: f894849d1f3454f8a68a57383ba29bd9f0d0257f

PODFILE CHECKSUM: 1057b6ed606a57ca5f617c5ef376d558af684d27

COCOAPODS: 1.6.2
