// !$*UTF8*$!
{
	archiveVersion = 1;
	classes = {
	};
	objectVersion = 50;
	objects = {

/* Begin PBXBuildFile section */
		1DA1E5B822959C2B00FE1752 /* AppDelegate.swift in Sources */ = {isa = PBXBuildFile; fileRef = 1DA1E5B722959C2B00FE1752 /* AppDelegate.swift */; };
		1DA1E5BA22959C2B00FE1752 /* LoginVC.swift in Sources */ = {isa = PBXBuildFile; fileRef = 1DA1E5B922959C2B00FE1752 /* LoginVC.swift */; };
		1DA1E5BD22959C2B00FE1752 /* Main.storyboard in Resources */ = {isa = PBXBuildFile; fileRef = 1DA1E5BB22959C2B00FE1752 /* Main.storyboard */; };
		1DA1E5C022959C2B00FE1752 /* TodayRecipe.xcdatamodeld in Sources */ = {isa = PBXBuildFile; fileRef = 1DA1E5BE22959C2B00FE1752 /* TodayRecipe.xcdatamodeld */; };
		1DA1E5C522959C2B00FE1752 /* LaunchScreen.storyboard in Resources */ = {isa = PBXBuildFile; fileRef = 1DA1E5C322959C2B00FE1752 /* LaunchScreen.storyboard */; };
		1DA1E5E2229645B600FE1752 /* Assets.xcassets in Resources */ = {isa = PBXBuildFile; fileRef = 1DA1E5E1229645B600FE1752 /* Assets.xcassets */; };
		1DA1E5EF22966F1700FE1752 /* KakaoOpenSDK.framework in Frameworks */ = {isa = PBXBuildFile; fileRef = 1DA1E5EE22966F1700FE1752 /* KakaoOpenSDK.framework */; };
		1DA1E5FA2296A38100FE1752 /* credentials.plist in Resources */ = {isa = PBXBuildFile; fileRef = 1DA1E5F92296A38100FE1752 /* credentials.plist */; };
		1DA1E69B229D057D00FE1752 /* map_pinup_custom@3x.png in Resources */ = {isa = PBXBuildFile; fileRef = 1DA1E675229D057D00FE1752 /* map_pinup_custom@3x.png */; };
		1DA1E69C229D057D00FE1752 /* map_pin_custom.png in Resources */ = {isa = PBXBuildFile; fileRef = 1DA1E676229D057D00FE1752 /* map_pin_custom.png */; };
		1DA1E69D229D057D00FE1752 /* shadow_balloon.png in Resources */ = {isa = PBXBuildFile; fileRef = 1DA1E677229D057D00FE1752 /* shadow_balloon.png */; };
		1DA1E69E229D057D00FE1752 /* map_pinup.png in Resources */ = {isa = PBXBuildFile; fileRef = 1DA1E678229D057D00FE1752 /* map_pinup.png */; };
		1DA1E69F229D057D00FE1752 /* detail_button.png in Resources */ = {isa = PBXBuildFile; fileRef = 1DA1E679229D057D00FE1752 /* detail_button.png */; };
		1DA1E6A0229D057D00FE1752 /* map_pin_custom@3x.png in Resources */ = {isa = PBXBuildFile; fileRef = 1DA1E67A229D057D00FE1752 /* map_pin_custom@3x.png */; };
		1DA1E6A1229D057D00FE1752 /* map_pinup@3x.png in Resources */ = {isa = PBXBuildFile; fileRef = 1DA1E67B229D057D00FE1752 /* map_pinup@3x.png */; };
		1DA1E6A2229D057D00FE1752 /* map_pin_shadow@3x.png in Resources */ = {isa = PBXBuildFile; fileRef = 1DA1E67C229D057D00FE1752 /* map_pin_shadow@3x.png */; };
		1DA1E6A3229D057D00FE1752 /* copyright.png in Resources */ = {isa = PBXBuildFile; fileRef = 1DA1E67D229D057D00FE1752 /* copyright.png */; };
		1DA1E6A4229D057D00FE1752 /* th_line.png in Resources */ = {isa = PBXBuildFile; fileRef = 1DA1E67E229D057D00FE1752 /* th_line.png */; };
		1DA1E6A5229D057D00FE1752 /* map_pin_red@3x.png in Resources */ = {isa = PBXBuildFile; fileRef = 1DA1E67F229D057D00FE1752 /* map_pin_red@3x.png */; };
		1DA1E6A7229D057D00FE1752 /* daum_copyright.png in Resources */ = {isa = PBXBuildFile; fileRef = 1DA1E681229D057D00FE1752 /* daum_copyright.png */; };
		1DA1E6A8229D057D00FE1752 /* map_pin@3x.png in Resources */ = {isa = PBXBuildFile; fileRef = 1DA1E682229D057D00FE1752 /* map_pin@3x.png */; };
		1DA1E6A9229D057D00FE1752 /* map_present_tracking.png in Resources */ = {isa = PBXBuildFile; fileRef = 1DA1E683229D057D00FE1752 /* map_present_tracking.png */; };
		1DA1E6AA229D057D00FE1752 /* map_pin_red.png in Resources */ = {isa = PBXBuildFile; fileRef = 1DA1E684229D057D00FE1752 /* map_pin_red.png */; };
		1DA1E6AB229D057D00FE1752 /* info_box.png in Resources */ = {isa = PBXBuildFile; fileRef = 1DA1E68E229D057D00FE1752 /* info_box.png */; };
		1DA1E6AC229D057D00FE1752 /* point_sprite.png in Resources */ = {isa = PBXBuildFile; fileRef = 1DA1E68F229D057D00FE1752 /* point_sprite.png */; };
		1DA1E6AD229D057D00FE1752 /* map_pinup_custom.png in Resources */ = {isa = PBXBuildFile; fileRef = 1DA1E690229D057D00FE1752 /* map_pinup_custom.png */; };
		1DA1E6AE229D057D00FE1752 /* info_box_tail.png in Resources */ = {isa = PBXBuildFile; fileRef = 1DA1E691229D057D00FE1752 /* info_box_tail.png */; };
		1DA1E6AF229D057D00FE1752 /* noimage256.png in Resources */ = {isa = PBXBuildFile; fileRef = 1DA1E692229D057D00FE1752 /* noimage256.png */; };
		1DA1E6B0229D057D00FE1752 /* map_present_direction.png in Resources */ = {isa = PBXBuildFile; fileRef = 1DA1E693229D057D00FE1752 /* map_present_direction.png */; };
		1DA1E6B1229D057D00FE1752 /* map_pin.png in Resources */ = {isa = PBXBuildFile; fileRef = 1DA1E694229D057D00FE1752 /* map_pin.png */; };
		1DA1E6B2229D057D00FE1752 /* map_present.png in Resources */ = {isa = PBXBuildFile; fileRef = 1DA1E695229D057D00FE1752 /* map_present.png */; };
		1DA1E6B3229D057D00FE1752 /* noimage.png in Resources */ = {isa = PBXBuildFile; fileRef = 1DA1E696229D057D00FE1752 /* noimage.png */; };
		1DA1E6B4229D057D00FE1752 /* map_present_background_update.png in Resources */ = {isa = PBXBuildFile; fileRef = 1DA1E697229D057D00FE1752 /* map_present_background_update.png */; };
		1DA1E6B5229D057D00FE1752 /* daum_th_line.png in Resources */ = {isa = PBXBuildFile; fileRef = 1DA1E698229D057D00FE1752 /* daum_th_line.png */; };
		1DA1E6B6229D057D00FE1752 /* map_pin_shadow.png in Resources */ = {isa = PBXBuildFile; fileRef = 1DA1E699229D057D00FE1752 /* map_pin_shadow.png */; };
		1DA1E6B7229D057D00FE1752 /* DaumMap.framework in Frameworks */ = {isa = PBXBuildFile; fileRef = 1DA1E69A229D057D00FE1752 /* DaumMap.framework */; };
		1DA1E6B9229D05C600FE1752 /* OpenGLES.framework in Frameworks */ = {isa = PBXBuildFile; fileRef = 1DA1E6B8229D05C600FE1752 /* OpenGLES.framework */; };
		1DA1E6BB229D05DC00FE1752 /* SystemConfiguration.framework in Frameworks */ = {isa = PBXBuildFile; fileRef = 1DA1E6BA229D05DC00FE1752 /* SystemConfiguration.framework */; };
		1DA1E6BD229D05E700FE1752 /* CoreLocation.framework in Frameworks */ = {isa = PBXBuildFile; fileRef = 1DA1E6BC229D05E700FE1752 /* CoreLocation.framework */; };
		1DA1E6BF229D05F300FE1752 /* QuartzCore.framework in Frameworks */ = {isa = PBXBuildFile; fileRef = 1DA1E6BE229D05F300FE1752 /* QuartzCore.framework */; };
		1DA1E6C1229D060D00FE1752 /* libc++.tbd in Frameworks */ = {isa = PBXBuildFile; fileRef = 1DA1E6C0229D060D00FE1752 /* libc++.tbd */; };
		1DA1E6C3229D062100FE1752 /* libsqlite3.tbd in Frameworks */ = {isa = PBXBuildFile; fileRef = 1DA1E6C2229D062100FE1752 /* libsqlite3.tbd */; };
		1DA1E6C5229D062F00FE1752 /* libxml2.tbd in Frameworks */ = {isa = PBXBuildFile; fileRef = 1DA1E6C4229D062F00FE1752 /* libxml2.tbd */; };
		3526AE676CA394F67C15BCCF /* Pods_TodayRecipe.framework in Frameworks */ = {isa = PBXBuildFile; fileRef = CC8B68953D56C48C6FAC28E9 /* Pods_TodayRecipe.framework */; };
/* End PBXBuildFile section */

/* Begin PBXFileReference section */
		1DA1E5B422959C2B00FE1752 /* TodayRecipe.app */ = {isa = PBXFileReference; explicitFileType = wrapper.application; includeInIndex = 0; path = TodayRecipe.app; sourceTree = BUILT_PRODUCTS_DIR; };
		1DA1E5B722959C2B00FE1752 /* AppDelegate.swift */ = {isa = PBXFileReference; lastKnownFileType = sourcecode.swift; path = AppDelegate.swift; sourceTree = "<group>"; };
		1DA1E5B922959C2B00FE1752 /* LoginVC.swift */ = {isa = PBXFileReference; lastKnownFileType = sourcecode.swift; path = LoginVC.swift; sourceTree = "<group>"; };
		1DA1E5BC22959C2B00FE1752 /* Base */ = {isa = PBXFileReference; lastKnownFileType = file.storyboard; name = Base; path = Base.lproj/Main.storyboard; sourceTree = "<group>"; };
		1DA1E5BF22959C2B00FE1752 /* TodayRecipe.xcdatamodel */ = {isa = PBXFileReference; lastKnownFileType = wrapper.xcdatamodel; path = TodayRecipe.xcdatamodel; sourceTree = "<group>"; };
		1DA1E5C422959C2B00FE1752 /* Base */ = {isa = PBXFileReference; lastKnownFileType = file.storyboard; name = Base; path = Base.lproj/LaunchScreen.storyboard; sourceTree = "<group>"; };
		1DA1E5C622959C2B00FE1752 /* Info.plist */ = {isa = PBXFileReference; lastKnownFileType = text.plist.xml; path = Info.plist; sourceTree = "<group>"; };
		1DA1E5CC22959DD700FE1752 /* FBSDKCoreKit.framework */ = {isa = PBXFileReference; explicitFileType = wrapper.framework; path = FBSDKCoreKit.framework; sourceTree = BUILT_PRODUCTS_DIR; };
		1DA1E5CE22959DD700FE1752 /* FBSDKLoginKit.framework */ = {isa = PBXFileReference; explicitFileType = wrapper.framework; path = FBSDKLoginKit.framework; sourceTree = BUILT_PRODUCTS_DIR; };
		1DA1E5D022959DD700FE1752 /* FBSDKShareKit.framework */ = {isa = PBXFileReference; explicitFileType = wrapper.framework; path = FBSDKShareKit.framework; sourceTree = BUILT_PRODUCTS_DIR; };
		1DA1E5E1229645B600FE1752 /* Assets.xcassets */ = {isa = PBXFileReference; lastKnownFileType = folder.assetcatalog; path = Assets.xcassets; sourceTree = "<group>"; };
		1DA1E5ED2296680000FE1752 /* TodayRecipe.entitlements */ = {isa = PBXFileReference; lastKnownFileType = text.plist.entitlements; path = TodayRecipe.entitlements; sourceTree = "<group>"; };
		1DA1E5EE22966F1700FE1752 /* KakaoOpenSDK.framework */ = {isa = PBXFileReference; lastKnownFileType = wrapper.framework; path = KakaoOpenSDK.framework; sourceTree = "<group>"; };
		1DA1E5F022966F5A00FE1752 /* TodayRecipe-Bridging-Header.h */ = {isa = PBXFileReference; lastKnownFileType = sourcecode.c.h; path = "TodayRecipe-Bridging-Header.h"; sourceTree = "<group>"; };
		1DA1E5F92296A38100FE1752 /* credentials.plist */ = {isa = PBXFileReference; fileEncoding = 4; lastKnownFileType = text.plist.xml; path = credentials.plist; sourceTree = "<group>"; };
		1DA1E675229D057D00FE1752 /* map_pinup_custom@3x.png */ = {isa = PBXFileReference; lastKnownFileType = image.png; path = "map_pinup_custom@3x.png"; sourceTree = "<group>"; };
		1DA1E676229D057D00FE1752 /* map_pin_custom.png */ = {isa = PBXFileReference; lastKnownFileType = image.png; path = map_pin_custom.png; sourceTree = "<group>"; };
		1DA1E677229D057D00FE1752 /* shadow_balloon.png */ = {isa = PBXFileReference; lastKnownFileType = image.png; path = shadow_balloon.png; sourceTree = "<group>"; };
		1DA1E678229D057D00FE1752 /* map_pinup.png */ = {isa = PBXFileReference; lastKnownFileType = image.png; path = map_pinup.png; sourceTree = "<group>"; };
		1DA1E679229D057D00FE1752 /* detail_button.png */ = {isa = PBXFileReference; lastKnownFileType = image.png; path = detail_button.png; sourceTree = "<group>"; };
		1DA1E67A229D057D00FE1752 /* map_pin_custom@3x.png */ = {isa = PBXFileReference; lastKnownFileType = image.png; path = "map_pin_custom@3x.png"; sourceTree = "<group>"; };
		1DA1E67B229D057D00FE1752 /* map_pinup@3x.png */ = {isa = PBXFileReference; lastKnownFileType = image.png; path = "map_pinup@3x.png"; sourceTree = "<group>"; };
		1DA1E67C229D057D00FE1752 /* map_pin_shadow@3x.png */ = {isa = PBXFileReference; lastKnownFileType = image.png; path = "map_pin_shadow@3x.png"; sourceTree = "<group>"; };
		1DA1E67D229D057D00FE1752 /* copyright.png */ = {isa = PBXFileReference; lastKnownFileType = image.png; path = copyright.png; sourceTree = "<group>"; };
		1DA1E67E229D057D00FE1752 /* th_line.png */ = {isa = PBXFileReference; lastKnownFileType = image.png; path = th_line.png; sourceTree = "<group>"; };
		1DA1E67F229D057D00FE1752 /* map_pin_red@3x.png */ = {isa = PBXFileReference; lastKnownFileType = image.png; path = "map_pin_red@3x.png"; sourceTree = "<group>"; };
		1DA1E680229D057D00FE1752 /* DaumMap */ = {isa = PBXFileReference; lastKnownFileType = archive.ar; path = DaumMap; sourceTree = "<group>"; };
		1DA1E681229D057D00FE1752 /* daum_copyright.png */ = {isa = PBXFileReference; lastKnownFileType = image.png; path = daum_copyright.png; sourceTree = "<group>"; };
		1DA1E682229D057D00FE1752 /* map_pin@3x.png */ = {isa = PBXFileReference; lastKnownFileType = image.png; path = "map_pin@3x.png"; sourceTree = "<group>"; };
		1DA1E683229D057D00FE1752 /* map_present_tracking.png */ = {isa = PBXFileReference; lastKnownFileType = image.png; path = map_present_tracking.png; sourceTree = "<group>"; };
		1DA1E684229D057D00FE1752 /* map_pin_red.png */ = {isa = PBXFileReference; lastKnownFileType = image.png; path = map_pin_red.png; sourceTree = "<group>"; };
		1DA1E686229D057D00FE1752 /* MTMapPOIItem.h */ = {isa = PBXFileReference; fileEncoding = 4; lastKnownFileType = sourcecode.c.h; path = MTMapPOIItem.h; sourceTree = "<group>"; };
		1DA1E687229D057D00FE1752 /* MTMapCameraUpdate.h */ = {isa = PBXFileReference; fileEncoding = 4; lastKnownFileType = sourcecode.c.h; path = MTMapCameraUpdate.h; sourceTree = "<group>"; };
		1DA1E688229D057D00FE1752 /* MTMapReverseGeoCoder.h */ = {isa = PBXFileReference; fileEncoding = 4; lastKnownFileType = sourcecode.c.h; path = MTMapReverseGeoCoder.h; sourceTree = "<group>"; };
		1DA1E689229D057D00FE1752 /* MTMapPolyline.h */ = {isa = PBXFileReference; fileEncoding = 4; lastKnownFileType = sourcecode.c.h; path = MTMapPolyline.h; sourceTree = "<group>"; };
		1DA1E68A229D057D00FE1752 /* MTMapLocationMarkerItem.h */ = {isa = PBXFileReference; fileEncoding = 4; lastKnownFileType = sourcecode.c.h; path = MTMapLocationMarkerItem.h; sourceTree = "<group>"; };
		1DA1E68B229D057D00FE1752 /* MTMapView.h */ = {isa = PBXFileReference; fileEncoding = 4; lastKnownFileType = sourcecode.c.h; path = MTMapView.h; sourceTree = "<group>"; };
		1DA1E68C229D057D00FE1752 /* MTMapGeometry.h */ = {isa = PBXFileReference; fileEncoding = 4; lastKnownFileType = sourcecode.c.h; path = MTMapGeometry.h; sourceTree = "<group>"; };
		1DA1E68D229D057D00FE1752 /* MTMapCircle.h */ = {isa = PBXFileReference; fileEncoding = 4; lastKnownFileType = sourcecode.c.h; path = MTMapCircle.h; sourceTree = "<group>"; };
		1DA1E68E229D057D00FE1752 /* info_box.png */ = {isa = PBXFileReference; lastKnownFileType = image.png; path = info_box.png; sourceTree = "<group>"; };
		1DA1E68F229D057D00FE1752 /* point_sprite.png */ = {isa = PBXFileReference; lastKnownFileType = image.png; path = point_sprite.png; sourceTree = "<group>"; };
		1DA1E690229D057D00FE1752 /* map_pinup_custom.png */ = {isa = PBXFileReference; lastKnownFileType = image.png; path = map_pinup_custom.png; sourceTree = "<group>"; };
		1DA1E691229D057D00FE1752 /* info_box_tail.png */ = {isa = PBXFileReference; lastKnownFileType = image.png; path = info_box_tail.png; sourceTree = "<group>"; };
		1DA1E692229D057D00FE1752 /* noimage256.png */ = {isa = PBXFileReference; lastKnownFileType = image.png; path = noimage256.png; sourceTree = "<group>"; };
		1DA1E693229D057D00FE1752 /* map_present_direction.png */ = {isa = PBXFileReference; lastKnownFileType = image.png; path = map_present_direction.png; sourceTree = "<group>"; };
		1DA1E694229D057D00FE1752 /* map_pin.png */ = {isa = PBXFileReference; lastKnownFileType = image.png; path = map_pin.png; sourceTree = "<group>"; };
		1DA1E695229D057D00FE1752 /* map_present.png */ = {isa = PBXFileReference; lastKnownFileType = image.png; path = map_present.png; sourceTree = "<group>"; };
		1DA1E696229D057D00FE1752 /* noimage.png */ = {isa = PBXFileReference; lastKnownFileType = image.png; path = noimage.png; sourceTree = "<group>"; };
		1DA1E697229D057D00FE1752 /* map_present_background_update.png */ = {isa = PBXFileReference; lastKnownFileType = image.png; path = map_present_background_update.png; sourceTree = "<group>"; };
		1DA1E698229D057D00FE1752 /* daum_th_line.png */ = {isa = PBXFileReference; lastKnownFileType = image.png; path = daum_th_line.png; sourceTree = "<group>"; };
		1DA1E699229D057D00FE1752 /* map_pin_shadow.png */ = {isa = PBXFileReference; lastKnownFileType = image.png; path = map_pin_shadow.png; sourceTree = "<group>"; };
		1DA1E69A229D057D00FE1752 /* DaumMap.framework */ = {isa = PBXFileReference; lastKnownFileType = wrapper.framework; path = DaumMap.framework; sourceTree = "<group>"; };
		1DA1E6B8229D05C600FE1752 /* OpenGLES.framework */ = {isa = PBXFileReference; lastKnownFileType = wrapper.framework; name = OpenGLES.framework; path = System/Library/Frameworks/OpenGLES.framework; sourceTree = SDKROOT; };
		1DA1E6BA229D05DC00FE1752 /* SystemConfiguration.framework */ = {isa = PBXFileReference; lastKnownFileType = wrapper.framework; name = SystemConfiguration.framework; path = System/Library/Frameworks/SystemConfiguration.framework; sourceTree = SDKROOT; };
		1DA1E6BC229D05E700FE1752 /* CoreLocation.framework */ = {isa = PBXFileReference; lastKnownFileType = wrapper.framework; name = CoreLocation.framework; path = System/Library/Frameworks/CoreLocation.framework; sourceTree = SDKROOT; };
		1DA1E6BE229D05F300FE1752 /* QuartzCore.framework */ = {isa = PBXFileReference; lastKnownFileType = wrapper.framework; name = QuartzCore.framework; path = System/Library/Frameworks/QuartzCore.framework; sourceTree = SDKROOT; };
		1DA1E6C0229D060D00FE1752 /* libc++.tbd */ = {isa = PBXFileReference; lastKnownFileType = "sourcecode.text-based-dylib-definition"; name = "libc++.tbd"; path = "usr/lib/libc++.tbd"; sourceTree = SDKROOT; };
		1DA1E6C2229D062100FE1752 /* libsqlite3.tbd */ = {isa = PBXFileReference; lastKnownFileType = "sourcecode.text-based-dylib-definition"; name = libsqlite3.tbd; path = usr/lib/libsqlite3.tbd; sourceTree = SDKROOT; };
		1DA1E6C4229D062F00FE1752 /* libxml2.tbd */ = {isa = PBXFileReference; lastKnownFileType = "sourcecode.text-based-dylib-definition"; name = libxml2.tbd; path = usr/lib/libxml2.tbd; sourceTree = SDKROOT; };
		1F223DCB5FC27A8E4DD2B567 /* Pods-TodayRecipe.release.xcconfig */ = {isa = PBXFileReference; includeInIndex = 1; lastKnownFileType = text.xcconfig; name = "Pods-TodayRecipe.release.xcconfig"; path = "Target Support Files/Pods-TodayRecipe/Pods-TodayRecipe.release.xcconfig"; sourceTree = "<group>"; };
		845BA0D5D4E96553C23BE6E0 /* Pods-TodayRecipe.debug.xcconfig */ = {isa = PBXFileReference; includeInIndex = 1; lastKnownFileType = text.xcconfig; name = "Pods-TodayRecipe.debug.xcconfig"; path = "Target Support Files/Pods-TodayRecipe/Pods-TodayRecipe.debug.xcconfig"; sourceTree = "<group>"; };
		CC8B68953D56C48C6FAC28E9 /* Pods_TodayRecipe.framework */ = {isa = PBXFileReference; explicitFileType = wrapper.framework; includeInIndex = 0; path = Pods_TodayRecipe.framework; sourceTree = BUILT_PRODUCTS_DIR; };
/* End PBXFileReference section */

/* Begin PBXFrameworksBuildPhase section */
		1DA1E5B122959C2B00FE1752 /* Frameworks */ = {
			isa = PBXFrameworksBuildPhase;
			buildActionMask = 2147483647;
			files = (
				1DA1E6C5229D062F00FE1752 /* libxml2.tbd in Frameworks */,
				1DA1E6C3229D062100FE1752 /* libsqlite3.tbd in Frameworks */,
				1DA1E6C1229D060D00FE1752 /* libc++.tbd in Frameworks */,
				1DA1E6BF229D05F300FE1752 /* QuartzCore.framework in Frameworks */,
				1DA1E6BD229D05E700FE1752 /* CoreLocation.framework in Frameworks */,
				1DA1E6BB229D05DC00FE1752 /* SystemConfiguration.framework in Frameworks */,
				1DA1E6B9229D05C600FE1752 /* OpenGLES.framework in Frameworks */,
				3526AE676CA394F67C15BCCF /* Pods_TodayRecipe.framework in Frameworks */,
				1DA1E6B7229D057D00FE1752 /* DaumMap.framework in Frameworks */,
				1DA1E5EF22966F1700FE1752 /* KakaoOpenSDK.framework in Frameworks */,
			);
			runOnlyForDeploymentPostprocessing = 0;
		};
/* End PBXFrameworksBuildPhase section */

/* Begin PBXGroup section */
		1DA1E5AB22959C2B00FE1752 = {
			isa = PBXGroup;
			children = (
				1DA1E5F022966F5A00FE1752 /* TodayRecipe-Bridging-Header.h */,
				1DA1E5B622959C2B00FE1752 /* TodayRecipe */,
				1DA1E5B522959C2B00FE1752 /* Products */,
				79F0020134283A683F60CC3D /* Pods */,
				3213B8379D0E36527B27D7A5 /* Frameworks */,
			);
			sourceTree = "<group>";
		};
		1DA1E5B522959C2B00FE1752 /* Products */ = {
			isa = PBXGroup;
			children = (
				1DA1E5B422959C2B00FE1752 /* TodayRecipe.app */,
			);
			name = Products;
			sourceTree = "<group>";
		};
		1DA1E5B622959C2B00FE1752 /* TodayRecipe */ = {
			isa = PBXGroup;
			children = (
				1DA1E673229D057D00FE1752 /* DaumMap.embeddedframework */,
				1DA1E5C622959C2B00FE1752 /* Info.plist */,
				1DA1E5FE2296C7F300FE1752 /* Storyboards */,
				1DA1E5FD2296C7D500FE1752 /* Supports */,
				1DA1E5F822969B9400FE1752 /* ViewControllers */,
				1DA1E5ED2296680000FE1752 /* TodayRecipe.entitlements */,
				1DA1E5BE22959C2B00FE1752 /* TodayRecipe.xcdatamodeld */,
			);
			path = TodayRecipe;
			sourceTree = "<group>";
		};
		1DA1E5F822969B9400FE1752 /* ViewControllers */ = {
			isa = PBXGroup;
			children = (
				1DA1E5B922959C2B00FE1752 /* LoginVC.swift */,
			);
			path = ViewControllers;
			sourceTree = "<group>";
		};
		1DA1E5FD2296C7D500FE1752 /* Supports */ = {
			isa = PBXGroup;
			children = (
				1DA1E5E1229645B600FE1752 /* Assets.xcassets */,
				1DA1E5B722959C2B00FE1752 /* AppDelegate.swift */,
				1DA1E5F92296A38100FE1752 /* credentials.plist */,
			);
			path = Supports;
			sourceTree = "<group>";
		};
		1DA1E5FE2296C7F300FE1752 /* Storyboards */ = {
			isa = PBXGroup;
			children = (
				1DA1E5BB22959C2B00FE1752 /* Main.storyboard */,
				1DA1E5C322959C2B00FE1752 /* LaunchScreen.storyboard */,
			);
			path = Storyboards;
			sourceTree = "<group>";
		};
		1DA1E673229D057D00FE1752 /* DaumMap.embeddedframework */ = {
			isa = PBXGroup;
			children = (
				1DA1E674229D057D00FE1752 /* Resources */,
				1DA1E69A229D057D00FE1752 /* DaumMap.framework */,
			);
			path = DaumMap.embeddedframework;
			sourceTree = "<group>";
		};
		1DA1E674229D057D00FE1752 /* Resources */ = {
			isa = PBXGroup;
			children = (
				1DA1E675229D057D00FE1752 /* map_pinup_custom@3x.png */,
				1DA1E676229D057D00FE1752 /* map_pin_custom.png */,
				1DA1E677229D057D00FE1752 /* shadow_balloon.png */,
				1DA1E678229D057D00FE1752 /* map_pinup.png */,
				1DA1E679229D057D00FE1752 /* detail_button.png */,
				1DA1E67A229D057D00FE1752 /* map_pin_custom@3x.png */,
				1DA1E67B229D057D00FE1752 /* map_pinup@3x.png */,
				1DA1E67C229D057D00FE1752 /* map_pin_shadow@3x.png */,
				1DA1E67D229D057D00FE1752 /* copyright.png */,
				1DA1E67E229D057D00FE1752 /* th_line.png */,
				1DA1E67F229D057D00FE1752 /* map_pin_red@3x.png */,
				1DA1E680229D057D00FE1752 /* DaumMap */,
				1DA1E681229D057D00FE1752 /* daum_copyright.png */,
				1DA1E682229D057D00FE1752 /* map_pin@3x.png */,
				1DA1E683229D057D00FE1752 /* map_present_tracking.png */,
				1DA1E684229D057D00FE1752 /* map_pin_red.png */,
				1DA1E685229D057D00FE1752 /* Headers */,
				1DA1E68E229D057D00FE1752 /* info_box.png */,
				1DA1E68F229D057D00FE1752 /* point_sprite.png */,
				1DA1E690229D057D00FE1752 /* map_pinup_custom.png */,
				1DA1E691229D057D00FE1752 /* info_box_tail.png */,
				1DA1E692229D057D00FE1752 /* noimage256.png */,
				1DA1E693229D057D00FE1752 /* map_present_direction.png */,
				1DA1E694229D057D00FE1752 /* map_pin.png */,
				1DA1E695229D057D00FE1752 /* map_present.png */,
				1DA1E696229D057D00FE1752 /* noimage.png */,
				1DA1E697229D057D00FE1752 /* map_present_background_update.png */,
				1DA1E698229D057D00FE1752 /* daum_th_line.png */,
				1DA1E699229D057D00FE1752 /* map_pin_shadow.png */,
			);
			path = Resources;
			sourceTree = "<group>";
		};
		1DA1E685229D057D00FE1752 /* Headers */ = {
			isa = PBXGroup;
			children = (
				1DA1E686229D057D00FE1752 /* MTMapPOIItem.h */,
				1DA1E687229D057D00FE1752 /* MTMapCameraUpdate.h */,
				1DA1E688229D057D00FE1752 /* MTMapReverseGeoCoder.h */,
				1DA1E689229D057D00FE1752 /* MTMapPolyline.h */,
				1DA1E68A229D057D00FE1752 /* MTMapLocationMarkerItem.h */,
				1DA1E68B229D057D00FE1752 /* MTMapView.h */,
				1DA1E68C229D057D00FE1752 /* MTMapGeometry.h */,
				1DA1E68D229D057D00FE1752 /* MTMapCircle.h */,
			);
			path = Headers;
			sourceTree = "<group>";
		};
		3213B8379D0E36527B27D7A5 /* Frameworks */ = {
			isa = PBXGroup;
			children = (
				1DA1E6C4229D062F00FE1752 /* libxml2.tbd */,
				1DA1E6C2229D062100FE1752 /* libsqlite3.tbd */,
				1DA1E6C0229D060D00FE1752 /* libc++.tbd */,
				1DA1E6BE229D05F300FE1752 /* QuartzCore.framework */,
				1DA1E6BC229D05E700FE1752 /* CoreLocation.framework */,
				1DA1E6BA229D05DC00FE1752 /* SystemConfiguration.framework */,
				1DA1E6B8229D05C600FE1752 /* OpenGLES.framework */,
				1DA1E5EE22966F1700FE1752 /* KakaoOpenSDK.framework */,
				1DA1E5CC22959DD700FE1752 /* FBSDKCoreKit.framework */,
				1DA1E5CE22959DD700FE1752 /* FBSDKLoginKit.framework */,
				1DA1E5D022959DD700FE1752 /* FBSDKShareKit.framework */,
				CC8B68953D56C48C6FAC28E9 /* Pods_TodayRecipe.framework */,
			);
			name = Frameworks;
			sourceTree = "<group>";
		};
		79F0020134283A683F60CC3D /* Pods */ = {
			isa = PBXGroup;
			children = (
				845BA0D5D4E96553C23BE6E0 /* Pods-TodayRecipe.debug.xcconfig */,
				1F223DCB5FC27A8E4DD2B567 /* Pods-TodayRecipe.release.xcconfig */,
			);
			path = Pods;
			sourceTree = "<group>";
		};
/* End PBXGroup section */

/* Begin PBXNativeTarget section */
		1DA1E5B322959C2B00FE1752 /* TodayRecipe */ = {
			isa = PBXNativeTarget;
			buildConfigurationList = 1DA1E5C922959C2B00FE1752 /* Build configuration list for PBXNativeTarget "TodayRecipe" */;
			buildPhases = (
				B7C5EB9927BB96864D230B08 /* [CP] Check Pods Manifest.lock */,
				1DA1E5B022959C2B00FE1752 /* Sources */,
				1DA1E5B122959C2B00FE1752 /* Frameworks */,
				1DA1E5B222959C2B00FE1752 /* Resources */,
				707ECB94098A4F3088C55A57 /* [CP] Embed Pods Frameworks */,
				9377085AA9B331C6159CDE7B /* [CP] Copy Pods Resources */,
			);
			buildRules = (
			);
			dependencies = (
			);
			name = TodayRecipe;
			productName = TodayRecipe;
			productReference = 1DA1E5B422959C2B00FE1752 /* TodayRecipe.app */;
			productType = "com.apple.product-type.application";
		};
/* End PBXNativeTarget section */

/* Begin PBXProject section */
		1DA1E5AC22959C2B00FE1752 /* Project object */ = {
			isa = PBXProject;
			attributes = {
				LastSwiftUpdateCheck = 1020;
				LastUpgradeCheck = 1020;
				ORGANIZATIONNAME = Seoyoung;
				TargetAttributes = {
					1DA1E5B322959C2B00FE1752 = {
						CreatedOnToolsVersion = 10.2.1;
						LastSwiftMigration = 1020;
						SystemCapabilities = {
							com.apple.Keychain = {
								enabled = 1;
							};
						};
					};
				};
			};
			buildConfigurationList = 1DA1E5AF22959C2B00FE1752 /* Build configuration list for PBXProject "TodayRecipe" */;
			compatibilityVersion = "Xcode 9.3";
			developmentRegion = en;
			hasScannedForEncodings = 0;
			knownRegions = (
				en,
				Base,
			);
			mainGroup = 1DA1E5AB22959C2B00FE1752;
			productRefGroup = 1DA1E5B522959C2B00FE1752 /* Products */;
			projectDirPath = "";
			projectRoot = "";
			targets = (
				1DA1E5B322959C2B00FE1752 /* TodayRecipe */,
			);
		};
/* End PBXProject section */

/* Begin PBXResourcesBuildPhase section */
		1DA1E5B222959C2B00FE1752 /* Resources */ = {
			isa = PBXResourcesBuildPhase;
			buildActionMask = 2147483647;
			files = (
				1DA1E69D229D057D00FE1752 /* shadow_balloon.png in Resources */,
				1DA1E6A3229D057D00FE1752 /* copyright.png in Resources */,
				1DA1E6B2229D057D00FE1752 /* map_present.png in Resources */,
				1DA1E6AA229D057D00FE1752 /* map_pin_red.png in Resources */,
				1DA1E6B6229D057D00FE1752 /* map_pin_shadow.png in Resources */,
				1DA1E69E229D057D00FE1752 /* map_pinup.png in Resources */,
				1DA1E6A5229D057D00FE1752 /* map_pin_red@3x.png in Resources */,
				1DA1E6A7229D057D00FE1752 /* daum_copyright.png in Resources */,
				1DA1E6A9229D057D00FE1752 /* map_present_tracking.png in Resources */,
				1DA1E6B5229D057D00FE1752 /* daum_th_line.png in Resources */,
				1DA1E6A8229D057D00FE1752 /* map_pin@3x.png in Resources */,
				1DA1E5C522959C2B00FE1752 /* LaunchScreen.storyboard in Resources */,
				1DA1E69F229D057D00FE1752 /* detail_button.png in Resources */,
				1DA1E6A4229D057D00FE1752 /* th_line.png in Resources */,
				1DA1E6B4229D057D00FE1752 /* map_present_background_update.png in Resources */,
				1DA1E6AB229D057D00FE1752 /* info_box.png in Resources */,
				1DA1E6AD229D057D00FE1752 /* map_pinup_custom.png in Resources */,
				1DA1E6B3229D057D00FE1752 /* noimage.png in Resources */,
				1DA1E5FA2296A38100FE1752 /* credentials.plist in Resources */,
				1DA1E6AE229D057D00FE1752 /* info_box_tail.png in Resources */,
				1DA1E6B0229D057D00FE1752 /* map_present_direction.png in Resources */,
				1DA1E5E2229645B600FE1752 /* Assets.xcassets in Resources */,
				1DA1E5BD22959C2B00FE1752 /* Main.storyboard in Resources */,
				1DA1E6B1229D057D00FE1752 /* map_pin.png in Resources */,
				1DA1E6A1229D057D00FE1752 /* map_pinup@3x.png in Resources */,
				1DA1E6A2229D057D00FE1752 /* map_pin_shadow@3x.png in Resources */,
				1DA1E6A0229D057D00FE1752 /* map_pin_custom@3x.png in Resources */,
				1DA1E69B229D057D00FE1752 /* map_pinup_custom@3x.png in Resources */,
				1DA1E69C229D057D00FE1752 /* map_pin_custom.png in Resources */,
				1DA1E6AF229D057D00FE1752 /* noimage256.png in Resources */,
				1DA1E6AC229D057D00FE1752 /* point_sprite.png in Resources */,
			);
			runOnlyForDeploymentPostprocessing = 0;
		};
/* End PBXResourcesBuildPhase section */

/* Begin PBXShellScriptBuildPhase section */
		707ECB94098A4F3088C55A57 /* [CP] Embed Pods Frameworks */ = {
			isa = PBXShellScriptBuildPhase;
			buildActionMask = 2147483647;
			files = (
			);
			inputFileListPaths = (
			);
			inputPaths = (
				"${PODS_ROOT}/Target Support Files/Pods-TodayRecipe/Pods-TodayRecipe-frameworks.sh",
				"${BUILT_PRODUCTS_DIR}/Alamofire/Alamofire.framework",
				"${BUILT_PRODUCTS_DIR}/FBSDKCoreKit/FBSDKCoreKit.framework",
				"${BUILT_PRODUCTS_DIR}/FBSDKLoginKit/FBSDKLoginKit.framework",
				"${BUILT_PRODUCTS_DIR}/FBSDKShareKit/FBSDKShareKit.framework",
				"${BUILT_PRODUCTS_DIR}/GTMSessionFetcher/GTMSessionFetcher.framework",
				"${BUILT_PRODUCTS_DIR}/GoogleToolboxForMac/GoogleToolboxForMac.framework",
				"${PODS_ROOT}/naveridlogin-sdk-ios/NaverThirdPartyLogin.framework",
			);
			name = "[CP] Embed Pods Frameworks";
			outputFileListPaths = (
			);
			outputPaths = (
				"${TARGET_BUILD_DIR}/${FRAMEWORKS_FOLDER_PATH}/Alamofire.framework",
				"${TARGET_BUILD_DIR}/${FRAMEWORKS_FOLDER_PATH}/FBSDKCoreKit.framework",
				"${TARGET_BUILD_DIR}/${FRAMEWORKS_FOLDER_PATH}/FBSDKLoginKit.framework",
				"${TARGET_BUILD_DIR}/${FRAMEWORKS_FOLDER_PATH}/FBSDKShareKit.framework",
				"${TARGET_BUILD_DIR}/${FRAMEWORKS_FOLDER_PATH}/GTMSessionFetcher.framework",
				"${TARGET_BUILD_DIR}/${FRAMEWORKS_FOLDER_PATH}/GoogleToolboxForMac.framework",
				"${TARGET_BUILD_DIR}/${FRAMEWORKS_FOLDER_PATH}/NaverThirdPartyLogin.framework",
			);
			runOnlyForDeploymentPostprocessing = 0;
			shellPath = /bin/sh;
			shellScript = "\"${PODS_ROOT}/Target Support Files/Pods-TodayRecipe/Pods-TodayRecipe-frameworks.sh\"\n";
			showEnvVarsInLog = 0;
		};
		9377085AA9B331C6159CDE7B /* [CP] Copy Pods Resources */ = {
			isa = PBXShellScriptBuildPhase;
			buildActionMask = 2147483647;
			files = (
			);
			inputFileListPaths = (
			);
			inputPaths = (
				"${PODS_ROOT}/Target Support Files/Pods-TodayRecipe/Pods-TodayRecipe-resources.sh",
				"${PODS_ROOT}/GoogleSignIn/Resources/GoogleSignIn.bundle",
			);
			name = "[CP] Copy Pods Resources";
			outputFileListPaths = (
			);
			outputPaths = (
				"${TARGET_BUILD_DIR}/${UNLOCALIZED_RESOURCES_FOLDER_PATH}/GoogleSignIn.bundle",
			);
			runOnlyForDeploymentPostprocessing = 0;
			shellPath = /bin/sh;
			shellScript = "\"${PODS_ROOT}/Target Support Files/Pods-TodayRecipe/Pods-TodayRecipe-resources.sh\"\n";
			showEnvVarsInLog = 0;
		};
		B7C5EB9927BB96864D230B08 /* [CP] Check Pods Manifest.lock */ = {
			isa = PBXShellScriptBuildPhase;
			buildActionMask = 2147483647;
			files = (
			);
			inputFileListPaths = (
			);
			inputPaths = (
				"${PODS_PODFILE_DIR_PATH}/Podfile.lock",
				"${PODS_ROOT}/Manifest.lock",
			);
			name = "[CP] Check Pods Manifest.lock";
			outputFileListPaths = (
			);
			outputPaths = (
				"$(DERIVED_FILE_DIR)/Pods-TodayRecipe-checkManifestLockResult.txt",
			);
			runOnlyForDeploymentPostprocessing = 0;
			shellPath = /bin/sh;
			shellScript = "diff \"${PODS_PODFILE_DIR_PATH}/Podfile.lock\" \"${PODS_ROOT}/Manifest.lock\" > /dev/null\nif [ $? != 0 ] ; then\n    # print error to STDERR\n    echo \"error: The sandbox is not in sync with the Podfile.lock. Run 'pod install' or update your CocoaPods installation.\" >&2\n    exit 1\nfi\n# This output is used by Xcode 'outputs' to avoid re-running this script phase.\necho \"SUCCESS\" > \"${SCRIPT_OUTPUT_FILE_0}\"\n";
			showEnvVarsInLog = 0;
		};
/* End PBXShellScriptBuildPhase section */

/* Begin PBXSourcesBuildPhase section */
		1DA1E5B022959C2B00FE1752 /* Sources */ = {
			isa = PBXSourcesBuildPhase;
			buildActionMask = 2147483647;
			files = (
				1DA1E5C022959C2B00FE1752 /* TodayRecipe.xcdatamodeld in Sources */,
				1DA1E5BA22959C2B00FE1752 /* LoginVC.swift in Sources */,
				1DA1E5B822959C2B00FE1752 /* AppDelegate.swift in Sources */,
			);
			runOnlyForDeploymentPostprocessing = 0;
		};
/* End PBXSourcesBuildPhase section */

/* Begin PBXVariantGroup section */
		1DA1E5BB22959C2B00FE1752 /* Main.storyboard */ = {
			isa = PBXVariantGroup;
			children = (
				1DA1E5BC22959C2B00FE1752 /* Base */,
			);
			name = Main.storyboard;
			sourceTree = "<group>";
		};
		1DA1E5C322959C2B00FE1752 /* LaunchScreen.storyboard */ = {
			isa = PBXVariantGroup;
			children = (
				1DA1E5C422959C2B00FE1752 /* Base */,
			);
			name = LaunchScreen.storyboard;
			sourceTree = "<group>";
		};
/* End PBXVariantGroup section */

/* Begin XCBuildConfiguration section */
		1DA1E5C722959C2B00FE1752 /* Debug */ = {
			isa = XCBuildConfiguration;
			buildSettings = {
				ALWAYS_SEARCH_USER_PATHS = NO;
				CLANG_ANALYZER_NONNULL = YES;
				CLANG_ANALYZER_NUMBER_OBJECT_CONVERSION = YES_AGGRESSIVE;
				CLANG_CXX_LANGUAGE_STANDARD = "gnu++14";
				CLANG_CXX_LIBRARY = "libc++";
				CLANG_ENABLE_MODULES = YES;
				CLANG_ENABLE_OBJC_ARC = YES;
				CLANG_ENABLE_OBJC_WEAK = YES;
				CLANG_WARN_BLOCK_CAPTURE_AUTORELEASING = YES;
				CLANG_WARN_BOOL_CONVERSION = YES;
				CLANG_WARN_COMMA = YES;
				CLANG_WARN_CONSTANT_CONVERSION = YES;
				CLANG_WARN_DEPRECATED_OBJC_IMPLEMENTATIONS = YES;
				CLANG_WARN_DIRECT_OBJC_ISA_USAGE = YES_ERROR;
				CLANG_WARN_DOCUMENTATION_COMMENTS = YES;
				CLANG_WARN_EMPTY_BODY = YES;
				CLANG_WARN_ENUM_CONVERSION = YES;
				CLANG_WARN_INFINITE_RECURSION = YES;
				CLANG_WARN_INT_CONVERSION = YES;
				CLANG_WARN_NON_LITERAL_NULL_CONVERSION = YES;
				CLANG_WARN_OBJC_IMPLICIT_RETAIN_SELF = YES;
				CLANG_WARN_OBJC_LITERAL_CONVERSION = YES;
				CLANG_WARN_OBJC_ROOT_CLASS = YES_ERROR;
				CLANG_WARN_RANGE_LOOP_ANALYSIS = YES;
				CLANG_WARN_STRICT_PROTOTYPES = YES;
				CLANG_WARN_SUSPICIOUS_MOVE = YES;
				CLANG_WARN_UNGUARDED_AVAILABILITY = YES_AGGRESSIVE;
				CLANG_WARN_UNREACHABLE_CODE = YES;
				CLANG_WARN__DUPLICATE_METHOD_MATCH = YES;
				CODE_SIGN_IDENTITY = "iPhone Developer";
				COPY_PHASE_STRIP = NO;
				DEBUG_INFORMATION_FORMAT = dwarf;
				ENABLE_STRICT_OBJC_MSGSEND = YES;
				ENABLE_TESTABILITY = YES;
				GCC_C_LANGUAGE_STANDARD = gnu11;
				GCC_DYNAMIC_NO_PIC = NO;
				GCC_NO_COMMON_BLOCKS = YES;
				GCC_OPTIMIZATION_LEVEL = 0;
				GCC_PREPROCESSOR_DEFINITIONS = (
					"DEBUG=1",
					"$(inherited)",
				);
				GCC_WARN_64_TO_32_BIT_CONVERSION = YES;
				GCC_WARN_ABOUT_RETURN_TYPE = YES_ERROR;
				GCC_WARN_UNDECLARED_SELECTOR = YES;
				GCC_WARN_UNINITIALIZED_AUTOS = YES_AGGRESSIVE;
				GCC_WARN_UNUSED_FUNCTION = YES;
				GCC_WARN_UNUSED_VARIABLE = YES;
				IPHONEOS_DEPLOYMENT_TARGET = 12.2;
				MTL_ENABLE_DEBUG_INFO = INCLUDE_SOURCE;
				MTL_FAST_MATH = YES;
				ONLY_ACTIVE_ARCH = YES;
				SDKROOT = iphoneos;
				SWIFT_ACTIVE_COMPILATION_CONDITIONS = DEBUG;
				SWIFT_OPTIMIZATION_LEVEL = "-Onone";
			};
			name = Debug;
		};
		1DA1E5C822959C2B00FE1752 /* Release */ = {
			isa = XCBuildConfiguration;
			buildSettings = {
				ALWAYS_SEARCH_USER_PATHS = NO;
				CLANG_ANALYZER_NONNULL = YES;
				CLANG_ANALYZER_NUMBER_OBJECT_CONVERSION = YES_AGGRESSIVE;
				CLANG_CXX_LANGUAGE_STANDARD = "gnu++14";
				CLANG_CXX_LIBRARY = "libc++";
				CLANG_ENABLE_MODULES = YES;
				CLANG_ENABLE_OBJC_ARC = YES;
				CLANG_ENABLE_OBJC_WEAK = YES;
				CLANG_WARN_BLOCK_CAPTURE_AUTORELEASING = YES;
				CLANG_WARN_BOOL_CONVERSION = YES;
				CLANG_WARN_COMMA = YES;
				CLANG_WARN_CONSTANT_CONVERSION = YES;
				CLANG_WARN_DEPRECATED_OBJC_IMPLEMENTATIONS = YES;
				CLANG_WARN_DIRECT_OBJC_ISA_USAGE = YES_ERROR;
				CLANG_WARN_DOCUMENTATION_COMMENTS = YES;
				CLANG_WARN_EMPTY_BODY = YES;
				CLANG_WARN_ENUM_CONVERSION = YES;
				CLANG_WARN_INFINITE_RECURSION = YES;
				CLANG_WARN_INT_CONVERSION = YES;
				CLANG_WARN_NON_LITERAL_NULL_CONVERSION = YES;
				CLANG_WARN_OBJC_IMPLICIT_RETAIN_SELF = YES;
				CLANG_WARN_OBJC_LITERAL_CONVERSION = YES;
				CLANG_WARN_OBJC_ROOT_CLASS = YES_ERROR;
				CLANG_WARN_RANGE_LOOP_ANALYSIS = YES;
				CLANG_WARN_STRICT_PROTOTYPES = YES;
				CLANG_WARN_SUSPICIOUS_MOVE = YES;
				CLANG_WARN_UNGUARDED_AVAILABILITY = YES_AGGRESSIVE;
				CLANG_WARN_UNREACHABLE_CODE = YES;
				CLANG_WARN__DUPLICATE_METHOD_MATCH = YES;
				CODE_SIGN_IDENTITY = "iPhone Developer";
				COPY_PHASE_STRIP = NO;
				DEBUG_INFORMATION_FORMAT = "dwarf-with-dsym";
				ENABLE_NS_ASSERTIONS = NO;
				ENABLE_STRICT_OBJC_MSGSEND = YES;
				GCC_C_LANGUAGE_STANDARD = gnu11;
				GCC_NO_COMMON_BLOCKS = YES;
				GCC_WARN_64_TO_32_BIT_CONVERSION = YES;
				GCC_WARN_ABOUT_RETURN_TYPE = YES_ERROR;
				GCC_WARN_UNDECLARED_SELECTOR = YES;
				GCC_WARN_UNINITIALIZED_AUTOS = YES_AGGRESSIVE;
				GCC_WARN_UNUSED_FUNCTION = YES;
				GCC_WARN_UNUSED_VARIABLE = YES;
				IPHONEOS_DEPLOYMENT_TARGET = 12.2;
				MTL_ENABLE_DEBUG_INFO = NO;
				MTL_FAST_MATH = YES;
				SDKROOT = iphoneos;
				SWIFT_COMPILATION_MODE = wholemodule;
				SWIFT_OPTIMIZATION_LEVEL = "-O";
				VALIDATE_PRODUCT = YES;
			};
			name = Release;
		};
		1DA1E5CA22959C2B00FE1752 /* Debug */ = {
			isa = XCBuildConfiguration;
			baseConfigurationReference = 845BA0D5D4E96553C23BE6E0 /* Pods-TodayRecipe.debug.xcconfig */;
			buildSettings = {
				ASSETCATALOG_COMPILER_APPICON_NAME = AppIcon;
				CLANG_ENABLE_MODULES = YES;
				CLANG_ENABLE_OBJC_ARC = NO;
				CODE_SIGN_ENTITLEMENTS = TodayRecipe/TodayRecipe.entitlements;
				CODE_SIGN_STYLE = Automatic;
				DEVELOPMENT_TEAM = T49KR6B34C;
				FRAMEWORK_SEARCH_PATHS = (
					"$(inherited)",
					"$(PROJECT_DIR)",
					"$(PROJECT_DIR)/TodayRecipe/DaumMap.embeddedframework",
				);
				INFOPLIST_FILE = TodayRecipe/Info.plist;
				LD_RUNPATH_SEARCH_PATHS = (
					"$(inherited)",
					"@executable_path/Frameworks",
				);
				LIBRARY_SEARCH_PATHS = (
					"$(inherited)",
					"$(PROJECT_DIR)/TodayRecipe/DaumMap.embeddedframework/Resources",
				);
				OTHER_LDFLAGS = (
					"$(inherited)",
					"-framework",
					"\"FBSDKCoreKit\"",
					"-framework",
					"\"FBSDKLoginKit\"",
					"-framework",
					"\"FBSDKShareKit\"",
					"-weak_framework",
					"\"Accounts\"",
					"-weak_framework",
					"\"AudioToolbox\"",
					"-weak_framework",
					"\"CoreGraphics\"",
					"-weak_framework",
					"\"CoreLocation\"",
					"-weak_framework",
					"\"Foundation\"",
					"-weak_framework",
					"\"QuartzCore\"",
					"-weak_framework",
					"\"Security\"",
					"-weak_framework",
					"\"Social\"",
					"-weak_framework",
					"\"UIKit\"",
					"-all_load",
				);
				PRODUCT_BUNDLE_IDENTIFIER = com.seoyoung.TodayRecipe;
				PRODUCT_NAME = "$(TARGET_NAME)";
				SWIFT_OBJC_BRIDGING_HEADER = "TodayRecipe-Bridging-Header.h";
				SWIFT_OPTIMIZATION_LEVEL = "-Onone";
				SWIFT_VERSION = 5.0;
				TARGETED_DEVICE_FAMILY = "1,2";
			};
			name = Debug;
		};
		1DA1E5CB22959C2B00FE1752 /* Release */ = {
			isa = XCBuildConfiguration;
			baseConfigurationReference = 1F223DCB5FC27A8E4DD2B567 /* Pods-TodayRecipe.release.xcconfig */;
			buildSettings = {
				ASSETCATALOG_COMPILER_APPICON_NAME = AppIcon;
				CLANG_ENABLE_MODULES = YES;
				CLANG_ENABLE_OBJC_ARC = NO;
				CODE_SIGN_ENTITLEMENTS = TodayRecipe/TodayRecipe.entitlements;
				CODE_SIGN_STYLE = Automatic;
				DEVELOPMENT_TEAM = T49KR6B34C;
				FRAMEWORK_SEARCH_PATHS = (
					"$(inherited)",
					"$(PROJECT_DIR)",
					"$(PROJECT_DIR)/TodayRecipe/DaumMap.embeddedframework",
				);
				INFOPLIST_FILE = TodayRecipe/Info.plist;
				LD_RUNPATH_SEARCH_PATHS = (
					"$(inherited)",
					"@executable_path/Frameworks",
				);
				LIBRARY_SEARCH_PATHS = (
					"$(inherited)",
					"$(PROJECT_DIR)/TodayRecipe/DaumMap.embeddedframework/Resources",
				);
				OTHER_LDFLAGS = (
					"$(inherited)",
					"-framework",
					"\"FBSDKCoreKit\"",
					"-framework",
					"\"FBSDKLoginKit\"",
					"-framework",
					"\"FBSDKShareKit\"",
					"-weak_framework",
					"\"Accounts\"",
					"-weak_framework",
					"\"AudioToolbox\"",
					"-weak_framework",
					"\"CoreGraphics\"",
					"-weak_framework",
					"\"CoreLocation\"",
					"-weak_framework",
					"\"Foundation\"",
					"-weak_framework",
					"\"QuartzCore\"",
					"-weak_framework",
					"\"Security\"",
					"-weak_framework",
					"\"Social\"",
					"-weak_framework",
					"\"UIKit\"",
					"-all_load",
				);
				PRODUCT_BUNDLE_IDENTIFIER = com.seoyoung.TodayRecipe;
				PRODUCT_NAME = "$(TARGET_NAME)";
				SWIFT_OBJC_BRIDGING_HEADER = "TodayRecipe-Bridging-Header.h";
				SWIFT_VERSION = 5.0;
				TARGETED_DEVICE_FAMILY = "1,2";
			};
			name = Release;
		};
/* End XCBuildConfiguration section */

/* Begin XCConfigurationList section */
		1DA1E5AF22959C2B00FE1752 /* Build configuration list for PBXProject "TodayRecipe" */ = {
			isa = XCConfigurationList;
			buildConfigurations = (
				1DA1E5C722959C2B00FE1752 /* Debug */,
				1DA1E5C822959C2B00FE1752 /* Release */,
			);
			defaultConfigurationIsVisible = 0;
			defaultConfigurationName = Release;
		};
		1DA1E5C922959C2B00FE1752 /* Build configuration list for PBXNativeTarget "TodayRecipe" */ = {
			isa = XCConfigurationList;
			buildConfigurations = (
				1DA1E5CA22959C2B00FE1752 /* Debug */,
				1DA1E5CB22959C2B00FE1752 /* Release */,
			);
			defaultConfigurationIsVisible = 0;
			defaultConfigurationName = Release;
		};
/* End XCConfigurationList section */

/* Begin XCVersionGroup section */
		1DA1E5BE22959C2B00FE1752 /* TodayRecipe.xcdatamodeld */ = {
			isa = XCVersionGroup;
			children = (
				1DA1E5BF22959C2B00FE1752 /* TodayRecipe.xcdatamodel */,
			);
			currentVersion = 1DA1E5BF22959C2B00FE1752 /* TodayRecipe.xcdatamodel */;
			path = TodayRecipe.xcdatamodeld;
			sourceTree = "<group>";
			versionGroupType = wrapper.xcdatamodel;
		};
/* End XCVersionGroup section */
	};
	rootObject = 1DA1E5AC22959C2B00FE1752 /* Project object */;
}
